
Microsoft Visual Studio Solution File, Format Version 12.00
# Visual Studio Version 16
VisualStudioVersion = 16.0.29503.13
MinimumVisualStudioVersion = 10.0.40219.1
Project("{FAE04EC0-301F-11D3-BF4B-00C04F79EFBC}") = "Client", "Client\Client.csproj", "{323061CF-315F-47DC-85D7-8ADC320105AA}"
EndProject
Project("{FAE04EC0-301F-11D3-BF4B-00C04F79EFBC}") = "ClientComponents", "ClientComponents\ClientComponents.csproj", "{6E5FAA19-0FE1-4075-B6D2-147DE76830CC}"
EndProject
Project("{FAE04EC0-301F-11D3-BF4B-00C04F79EFBC}") = "NativeSessionTypeLib", "..\MobiusServices\NativeSessionTypeLib\NativeSessionTypeLib.csproj", "{2EA7B7AA-B74F-462A-BA86-65A6569648C1}"
EndProject
Project("{FAE04EC0-301F-11D3-BF4B-00C04F79EFBC}") = "ServicesTypeLib", "..\MobiusServices\ServicesTypeLib\ServicesTypeLib.csproj", "{A67635BA-89F2-4C7C-A864-F72CD85B43A2}"
EndProject
Project("{FAE04EC0-301F-11D3-BF4B-00C04F79EFBC}") = "TypeConversionUtil", "..\MobiusServices\TypeConversionUtil\TypeConversionUtil.csproj", "{D3396EA4-E535-45AA-82C3-618DEA7E3DCD}"
EndProject
Project("{FAE04EC0-301F-11D3-BF4B-00C04F79EFBC}") = "NativeSessionClient", "..\MobiusServices\NativeSessionClient\NativeSessionClient.csproj", "{EC0203FD-D464-4BA0-A088-B87C31139F47}"
EndProject
Project("{FAE04EC0-301F-11D3-BF4B-00C04F79EFBC}") = "Tools", "Tools\Tools.csproj", "{6BBEFB30-18E1-4E1E-BB86-52DF2B7D5642}"
EndProject
Project("{FAE04EC0-301F-11D3-BF4B-00C04F79EFBC}") = "ServiceFacade", "ServiceFacade\ServiceFacade.csproj", "{4921B4B1-FBEA-4C6B-87A6-E9481E3BEBD1}"
EndProject
Project("{2150E333-8FDC-42A3-9474-1A3956D46DE8}") = "ServiceProjects", "ServiceProjects", "{1B970284-FF7D-4526-99DB-45C63F3D8CD6}"
EndProject
Project("{FAE04EC0-301F-11D3-BF4B-00C04F79EFBC}") = "ServicesInternalTypeLib", "..\MobiusServices\ServicesInternalTypeLib\ServicesInternalTypeLib.csproj", "{A8EBD84D-E153-400D-9430-A056F432A8DB}"
EndProject
Project("{FAE04EC0-301F-11D3-BF4B-00C04F79EFBC}") = "ServiceUtil", "..\MobiusServices\ServiceUtil\ServiceUtil.csproj", "{7A78E6DD-7372-465F-AFE2-AEA5A9F35EA1}"
EndProject
Project("{FAE04EC0-301F-11D3-BF4B-00C04F79EFBC}") = "ComOps", "..\MobiusCommon\ComOps\ComOps.csproj", "{6E5DCBA5-7804-42E2-B7AE-EC0F718621C9}"
EndProject
Project("{FAE04EC0-301F-11D3-BF4B-00C04F79EFBC}") = "Data", "..\MobiusCommon\Data\Data.csproj", "{D4397193-C9DB-4A7F-A047-98D40AC12647}"
EndProject
Project("{FAE04EC0-301F-11D3-BF4B-00C04F79EFBC}") = "ExternalLibraries", "..\MobiusCommon\ExternalLibraries\ExternalLibraries.csproj", "{F8FBA54E-48E4-4803-8379-EE8159661126}"
EndProject
Project("{FAE04EC0-301F-11D3-BF4B-00C04F79EFBC}") = "ExternalResources", "..\MobiusCommon\ExternalResources\ExternalResources.csproj", "{CB282DAC-9D0F-49D5-9239-18B692A36533}"
EndProject
Project("{FAE04EC0-301F-11D3-BF4B-00C04F79EFBC}") = "MetaFactory", "..\MobiusCommon\MetaFactory\MetaFactory.csproj", "{11B976D5-A936-4456-BCAA-93C179B21E9F}"
EndProject
Project("{FAE04EC0-301F-11D3-BF4B-00C04F79EFBC}") = "QueryEngine", "..\MobiusCommon\QueryEngine\QueryEngine.csproj", "{6720570F-53FE-4A28-A496-E04B2DC0C335}"
EndProject
Project("{FAE04EC0-301F-11D3-BF4B-00C04F79EFBC}") = "UAL", "..\MobiusCommon\UAL\UAL.csproj", "{32870FF5-86FC-43E0-B62C-EB2EB6FB689A}"
EndProject
Project("{2150E333-8FDC-42A3-9474-1A3956D46DE8}") = "MobiusCommon", "MobiusCommon", "{9A01801E-49FB-4899-810B-DB8916284114}"
EndProject
Project("{2150E333-8FDC-42A3-9474-1A3956D46DE8}") = "Spotfire", "Spotfire", "{D520DB45-204F-4BBD-A2BC-D847E31A7601}"
	ProjectSection(SolutionItems) = preProject
		..\Spotfire\MobiusSpotfireApi.IronPythonScript.txt = ..\Spotfire\MobiusSpotfireApi.IronPythonScript.txt
		..\Spotfire\MobiusSpotfireWebPlayerControlPage.htm = ..\Spotfire\MobiusSpotfireWebPlayerControlPage.htm
		..\Spotfire\SpotfireDeveloper.snk = ..\Spotfire\SpotfireDeveloper.snk
	EndProjectSection
EndProject
Project("{FAE04EC0-301F-11D3-BF4B-00C04F79EFBC}") = "SpotfireComClientMx", "..\Spotfire\SpotfireComClientMx\SpotfireComClientMx.csproj", "{8BBB7274-D056-4B72-B9C2-C04122113B6F}"
EndProject
Project("{FAE04EC0-301F-11D3-BF4B-00C04F79EFBC}") = "ToolServices", "..\MobiusCommon\ToolServices\ToolServices.csproj", "{1C16D1FE-96E4-4F37-B462-995FAFAA2B9D}"
EndProject
Project("{FAE04EC0-301F-11D3-BF4B-00C04F79EFBC}") = "SpotfireDocumentClasses", "..\Spotfire\SpotfireDocumentClasses\SpotfireDocumentClasses.csproj", "{EC900570-2E1D-44FF-94A0-630AADB30CDE}"
EndProject
Project("{FAE04EC0-301F-11D3-BF4B-00C04F79EFBC}") = "SpotfireApiClient", "..\Spotfire\SpotfireApiClient\SpotfireApiClient.csproj", "{7D73BE3E-411F-48CC-9F1E-F6C0DC3094D9}"
EndProject
Project("{FAE04EC0-301F-11D3-BF4B-00C04F79EFBC}") = "CdkSimSearchMx", "..\MobiusCommon\CdkSimSearchMx\CdkSimSearchMx.csproj", "{47EF0025-D6A9-4AA8-9FAE-E99ED47D5F85}"
EndProject
Project("{2150E333-8FDC-42A3-9474-1A3956D46DE8}") = "ClientProjects", "ClientProjects", "{F64A3890-6389-4A82-884B-2A2A72C0BF46}"
EndProject
Project("{FAE04EC0-301F-11D3-BF4B-00C04F79EFBC}") = "SpotfireUI", "..\Spotfire\SpotfireUI\SpotfireUI.csproj", "{5BE4E505-6F53-4495-8633-5C7F70D35282}"
EndProject
Project("{FAE04EC0-301F-11D3-BF4B-00C04F79EFBC}") = "HelmWebEditor", "..\MobiusCommon\HelmWebEditor\HelmWebEditor.csproj", "{6E5A710D-D31A-4A3E-BB3B-E4212921261A}"
EndProject
Project("{FAE04EC0-301F-11D3-BF4B-00C04F79EFBC}") = "HelmWebServices", "..\MobiusCommon\HelmWebServices\HelmWebServices.csproj", "{F8FEFCA4-B843-4CBC-BEF4-D182E259B3AD}"
EndProject
Project("{FAE04EC0-301F-11D3-BF4B-00C04F79EFBC}") = "IndigoMx", "..\MobiusCommon\IndigoMx\IndigoMx.csproj", "{6620E4BB-47BD-419C-BC6B-F877EEA41B55}"
EndProject
Project("{FAE04EC0-301F-11D3-BF4B-00C04F79EFBC}") = "CdkMx", "..\MobiusCommon\CdkMx\CdkMx.csproj", "{203D17B0-F97C-4C9B-B406-CAE30DAD3241}"
EndProject
Global
	GlobalSection(SolutionConfigurationPlatforms) = preSolution
		Debug Rebuild All|Any CPU = Debug Rebuild All|Any CPU
		Debug Rebuild All|Mixed Platforms = Debug Rebuild All|Mixed Platforms
		Debug Rebuild All|x64 = Debug Rebuild All|x64
		Debug Rebuild All|x86 = Debug Rebuild All|x86
		Debug|Any CPU = Debug|Any CPU
		Debug|Mixed Platforms = Debug|Mixed Platforms
		Debug|x64 = Debug|x64
		Debug|x86 = Debug|x86
		Official|Any CPU = Official|Any CPU
		Official|Mixed Platforms = Official|Mixed Platforms
		Official|x64 = Official|x64
		Official|x86 = Official|x86
		Release|Any CPU = Release|Any CPU
		Release|Mixed Platforms = Release|Mixed Platforms
		Release|x64 = Release|x64
		Release|x86 = Release|x86
	EndGlobalSection
	GlobalSection(ProjectConfigurationPlatforms) = postSolution
		{323061CF-315F-47DC-85D7-8ADC320105AA}.Debug Rebuild All|Any CPU.ActiveCfg = Debug|Any CPU
		{323061CF-315F-47DC-85D7-8ADC320105AA}.Debug Rebuild All|Any CPU.Build.0 = Debug|Any CPU
		{323061CF-315F-47DC-85D7-8ADC320105AA}.Debug Rebuild All|Mixed Platforms.ActiveCfg = Debug|Any CPU
		{323061CF-315F-47DC-85D7-8ADC320105AA}.Debug Rebuild All|Mixed Platforms.Build.0 = Debug|Any CPU
		{323061CF-315F-47DC-85D7-8ADC320105AA}.Debug Rebuild All|x64.ActiveCfg = Debug|Any CPU
		{323061CF-315F-47DC-85D7-8ADC320105AA}.Debug Rebuild All|x64.Build.0 = Debug|Any CPU
		{323061CF-315F-47DC-85D7-8ADC320105AA}.Debug Rebuild All|x86.ActiveCfg = Debug|Any CPU
		{323061CF-315F-47DC-85D7-8ADC320105AA}.Debug|Any CPU.ActiveCfg = Debug|Any CPU
		{323061CF-315F-47DC-85D7-8ADC320105AA}.Debug|Any CPU.Build.0 = Debug|Any CPU
		{323061CF-315F-47DC-85D7-8ADC320105AA}.Debug|Mixed Platforms.ActiveCfg = Debug|Any CPU
		{323061CF-315F-47DC-85D7-8ADC320105AA}.Debug|Mixed Platforms.Build.0 = Debug|Any CPU
		{323061CF-315F-47DC-85D7-8ADC320105AA}.Debug|x64.ActiveCfg = Debug|Any CPU
		{323061CF-315F-47DC-85D7-8ADC320105AA}.Debug|x64.Build.0 = Debug|Any CPU
		{323061CF-315F-47DC-85D7-8ADC320105AA}.Debug|x86.ActiveCfg = Debug|Any CPU
		{323061CF-315F-47DC-85D7-8ADC320105AA}.Debug|x86.Build.0 = Debug|Any CPU
		{323061CF-315F-47DC-85D7-8ADC320105AA}.Official|Any CPU.ActiveCfg = Release|Any CPU
		{323061CF-315F-47DC-85D7-8ADC320105AA}.Official|Any CPU.Build.0 = Release|Any CPU
		{323061CF-315F-47DC-85D7-8ADC320105AA}.Official|Mixed Platforms.ActiveCfg = Release|Any CPU
		{323061CF-315F-47DC-85D7-8ADC320105AA}.Official|Mixed Platforms.Build.0 = Release|Any CPU
		{323061CF-315F-47DC-85D7-8ADC320105AA}.Official|x64.ActiveCfg = Release|Any CPU
		{323061CF-315F-47DC-85D7-8ADC320105AA}.Official|x64.Build.0 = Release|Any CPU
		{323061CF-315F-47DC-85D7-8ADC320105AA}.Official|x86.ActiveCfg = Release|Any CPU
		{323061CF-315F-47DC-85D7-8ADC320105AA}.Release|Any CPU.ActiveCfg = Release|Any CPU
		{323061CF-315F-47DC-85D7-8ADC320105AA}.Release|Any CPU.Build.0 = Release|Any CPU
		{323061CF-315F-47DC-85D7-8ADC320105AA}.Release|Mixed Platforms.ActiveCfg = Release|Any CPU
		{323061CF-315F-47DC-85D7-8ADC320105AA}.Release|Mixed Platforms.Build.0 = Release|Any CPU
		{323061CF-315F-47DC-85D7-8ADC320105AA}.Release|x64.ActiveCfg = Release|Any CPU
		{323061CF-315F-47DC-85D7-8ADC320105AA}.Release|x64.Build.0 = Release|Any CPU
		{323061CF-315F-47DC-85D7-8ADC320105AA}.Release|x86.ActiveCfg = Release|Any CPU
		{6E5FAA19-0FE1-4075-B6D2-147DE76830CC}.Debug Rebuild All|Any CPU.ActiveCfg = Debug|Any CPU
		{6E5FAA19-0FE1-4075-B6D2-147DE76830CC}.Debug Rebuild All|Any CPU.Build.0 = Debug|Any CPU
		{6E5FAA19-0FE1-4075-B6D2-147DE76830CC}.Debug Rebuild All|Mixed Platforms.ActiveCfg = Debug|x86
		{6E5FAA19-0FE1-4075-B6D2-147DE76830CC}.Debug Rebuild All|Mixed Platforms.Build.0 = Debug|x86
		{6E5FAA19-0FE1-4075-B6D2-147DE76830CC}.Debug Rebuild All|x64.ActiveCfg = Debug|Any CPU
		{6E5FAA19-0FE1-4075-B6D2-147DE76830CC}.Debug Rebuild All|x64.Build.0 = Debug|Any CPU
		{6E5FAA19-0FE1-4075-B6D2-147DE76830CC}.Debug Rebuild All|x86.ActiveCfg = Debug|x86
		{6E5FAA19-0FE1-4075-B6D2-147DE76830CC}.Debug Rebuild All|x86.Build.0 = Debug|x86
		{6E5FAA19-0FE1-4075-B6D2-147DE76830CC}.Debug|Any CPU.ActiveCfg = Debug|Any CPU
		{6E5FAA19-0FE1-4075-B6D2-147DE76830CC}.Debug|Any CPU.Build.0 = Debug|Any CPU
		{6E5FAA19-0FE1-4075-B6D2-147DE76830CC}.Debug|Mixed Platforms.ActiveCfg = Debug|x86
		{6E5FAA19-0FE1-4075-B6D2-147DE76830CC}.Debug|Mixed Platforms.Build.0 = Debug|x86
		{6E5FAA19-0FE1-4075-B6D2-147DE76830CC}.Debug|x64.ActiveCfg = Debug|Any CPU
		{6E5FAA19-0FE1-4075-B6D2-147DE76830CC}.Debug|x64.Build.0 = Debug|Any CPU
		{6E5FAA19-0FE1-4075-B6D2-147DE76830CC}.Debug|x86.ActiveCfg = Debug|x86
		{6E5FAA19-0FE1-4075-B6D2-147DE76830CC}.Debug|x86.Build.0 = Debug|x86
		{6E5FAA19-0FE1-4075-B6D2-147DE76830CC}.Official|Any CPU.ActiveCfg = Release|Any CPU
		{6E5FAA19-0FE1-4075-B6D2-147DE76830CC}.Official|Any CPU.Build.0 = Release|Any CPU
		{6E5FAA19-0FE1-4075-B6D2-147DE76830CC}.Official|Mixed Platforms.ActiveCfg = Release|x86
		{6E5FAA19-0FE1-4075-B6D2-147DE76830CC}.Official|Mixed Platforms.Build.0 = Release|x86
		{6E5FAA19-0FE1-4075-B6D2-147DE76830CC}.Official|x64.ActiveCfg = Release|Any CPU
		{6E5FAA19-0FE1-4075-B6D2-147DE76830CC}.Official|x64.Build.0 = Release|Any CPU
		{6E5FAA19-0FE1-4075-B6D2-147DE76830CC}.Official|x86.ActiveCfg = Release|x86
		{6E5FAA19-0FE1-4075-B6D2-147DE76830CC}.Official|x86.Build.0 = Release|x86
		{6E5FAA19-0FE1-4075-B6D2-147DE76830CC}.Release|Any CPU.ActiveCfg = Release|Any CPU
		{6E5FAA19-0FE1-4075-B6D2-147DE76830CC}.Release|Any CPU.Build.0 = Release|Any CPU
		{6E5FAA19-0FE1-4075-B6D2-147DE76830CC}.Release|Mixed Platforms.ActiveCfg = Release|x86
		{6E5FAA19-0FE1-4075-B6D2-147DE76830CC}.Release|Mixed Platforms.Build.0 = Release|x86
		{6E5FAA19-0FE1-4075-B6D2-147DE76830CC}.Release|x64.ActiveCfg = Release|Any CPU
		{6E5FAA19-0FE1-4075-B6D2-147DE76830CC}.Release|x64.Build.0 = Release|Any CPU
		{6E5FAA19-0FE1-4075-B6D2-147DE76830CC}.Release|x86.ActiveCfg = Release|x86
		{6E5FAA19-0FE1-4075-B6D2-147DE76830CC}.Release|x86.Build.0 = Release|x86
		{2EA7B7AA-B74F-462A-BA86-65A6569648C1}.Debug Rebuild All|Any CPU.ActiveCfg = Debug|Any CPU
		{2EA7B7AA-B74F-462A-BA86-65A6569648C1}.Debug Rebuild All|Any CPU.Build.0 = Debug|Any CPU
		{2EA7B7AA-B74F-462A-BA86-65A6569648C1}.Debug Rebuild All|Mixed Platforms.ActiveCfg = Debug|x86
		{2EA7B7AA-B74F-462A-BA86-65A6569648C1}.Debug Rebuild All|Mixed Platforms.Build.0 = Debug|x86
		{2EA7B7AA-B74F-462A-BA86-65A6569648C1}.Debug Rebuild All|x64.ActiveCfg = Debug|Any CPU
		{2EA7B7AA-B74F-462A-BA86-65A6569648C1}.Debug Rebuild All|x64.Build.0 = Debug|Any CPU
		{2EA7B7AA-B74F-462A-BA86-65A6569648C1}.Debug Rebuild All|x86.ActiveCfg = Debug|x86
		{2EA7B7AA-B74F-462A-BA86-65A6569648C1}.Debug Rebuild All|x86.Build.0 = Debug|x86
		{2EA7B7AA-B74F-462A-BA86-65A6569648C1}.Debug|Any CPU.ActiveCfg = Debug|Any CPU
		{2EA7B7AA-B74F-462A-BA86-65A6569648C1}.Debug|Any CPU.Build.0 = Debug|Any CPU
		{2EA7B7AA-B74F-462A-BA86-65A6569648C1}.Debug|Mixed Platforms.ActiveCfg = Debug|x86
		{2EA7B7AA-B74F-462A-BA86-65A6569648C1}.Debug|Mixed Platforms.Build.0 = Debug|x86
		{2EA7B7AA-B74F-462A-BA86-65A6569648C1}.Debug|x64.ActiveCfg = Debug|Any CPU
		{2EA7B7AA-B74F-462A-BA86-65A6569648C1}.Debug|x64.Build.0 = Debug|Any CPU
		{2EA7B7AA-B74F-462A-BA86-65A6569648C1}.Debug|x86.ActiveCfg = Debug|x86
		{2EA7B7AA-B74F-462A-BA86-65A6569648C1}.Debug|x86.Build.0 = Debug|x86
		{2EA7B7AA-B74F-462A-BA86-65A6569648C1}.Official|Any CPU.ActiveCfg = Release|Any CPU
		{2EA7B7AA-B74F-462A-BA86-65A6569648C1}.Official|Any CPU.Build.0 = Release|Any CPU
		{2EA7B7AA-B74F-462A-BA86-65A6569648C1}.Official|Mixed Platforms.ActiveCfg = Release|x86
		{2EA7B7AA-B74F-462A-BA86-65A6569648C1}.Official|Mixed Platforms.Build.0 = Release|x86
		{2EA7B7AA-B74F-462A-BA86-65A6569648C1}.Official|x64.ActiveCfg = Release|Any CPU
		{2EA7B7AA-B74F-462A-BA86-65A6569648C1}.Official|x64.Build.0 = Release|Any CPU
		{2EA7B7AA-B74F-462A-BA86-65A6569648C1}.Official|x86.ActiveCfg = Release|x86
		{2EA7B7AA-B74F-462A-BA86-65A6569648C1}.Official|x86.Build.0 = Release|x86
		{2EA7B7AA-B74F-462A-BA86-65A6569648C1}.Release|Any CPU.ActiveCfg = Release|Any CPU
		{2EA7B7AA-B74F-462A-BA86-65A6569648C1}.Release|Any CPU.Build.0 = Release|Any CPU
		{2EA7B7AA-B74F-462A-BA86-65A6569648C1}.Release|Mixed Platforms.ActiveCfg = Release|x86
		{2EA7B7AA-B74F-462A-BA86-65A6569648C1}.Release|Mixed Platforms.Build.0 = Release|x86
		{2EA7B7AA-B74F-462A-BA86-65A6569648C1}.Release|x64.ActiveCfg = Release|Any CPU
		{2EA7B7AA-B74F-462A-BA86-65A6569648C1}.Release|x64.Build.0 = Release|Any CPU
		{2EA7B7AA-B74F-462A-BA86-65A6569648C1}.Release|x86.ActiveCfg = Release|x86
		{2EA7B7AA-B74F-462A-BA86-65A6569648C1}.Release|x86.Build.0 = Release|x86
		{A67635BA-89F2-4C7C-A864-F72CD85B43A2}.Debug Rebuild All|Any CPU.ActiveCfg = Debug|x86
		{A67635BA-89F2-4C7C-A864-F72CD85B43A2}.Debug Rebuild All|Mixed Platforms.ActiveCfg = Debug|x86
		{A67635BA-89F2-4C7C-A864-F72CD85B43A2}.Debug Rebuild All|Mixed Platforms.Build.0 = Debug|x86
		{A67635BA-89F2-4C7C-A864-F72CD85B43A2}.Debug Rebuild All|x64.ActiveCfg = Debug|Any CPU
		{A67635BA-89F2-4C7C-A864-F72CD85B43A2}.Debug Rebuild All|x64.Build.0 = Debug|Any CPU
		{A67635BA-89F2-4C7C-A864-F72CD85B43A2}.Debug Rebuild All|x86.ActiveCfg = Debug|Any CPU
		{A67635BA-89F2-4C7C-A864-F72CD85B43A2}.Debug|Any CPU.ActiveCfg = Debug|Any CPU
		{A67635BA-89F2-4C7C-A864-F72CD85B43A2}.Debug|Any CPU.Build.0 = Debug|Any CPU
		{A67635BA-89F2-4C7C-A864-F72CD85B43A2}.Debug|Mixed Platforms.ActiveCfg = Debug|x86
		{A67635BA-89F2-4C7C-A864-F72CD85B43A2}.Debug|Mixed Platforms.Build.0 = Debug|x86
		{A67635BA-89F2-4C7C-A864-F72CD85B43A2}.Debug|x64.ActiveCfg = Debug|Any CPU
		{A67635BA-89F2-4C7C-A864-F72CD85B43A2}.Debug|x64.Build.0 = Debug|Any CPU
		{A67635BA-89F2-4C7C-A864-F72CD85B43A2}.Debug|x86.ActiveCfg = Debug|x86
		{A67635BA-89F2-4C7C-A864-F72CD85B43A2}.Debug|x86.Build.0 = Debug|x86
		{A67635BA-89F2-4C7C-A864-F72CD85B43A2}.Official|Any CPU.ActiveCfg = Release|x86
		{A67635BA-89F2-4C7C-A864-F72CD85B43A2}.Official|Mixed Platforms.ActiveCfg = Release|x86
		{A67635BA-89F2-4C7C-A864-F72CD85B43A2}.Official|Mixed Platforms.Build.0 = Release|x86
		{A67635BA-89F2-4C7C-A864-F72CD85B43A2}.Official|x64.ActiveCfg = Release|Any CPU
		{A67635BA-89F2-4C7C-A864-F72CD85B43A2}.Official|x64.Build.0 = Release|Any CPU
		{A67635BA-89F2-4C7C-A864-F72CD85B43A2}.Official|x86.ActiveCfg = Release|Any CPU
		{A67635BA-89F2-4C7C-A864-F72CD85B43A2}.Release|Any CPU.ActiveCfg = Release|Any CPU
		{A67635BA-89F2-4C7C-A864-F72CD85B43A2}.Release|Any CPU.Build.0 = Release|Any CPU
		{A67635BA-89F2-4C7C-A864-F72CD85B43A2}.Release|Mixed Platforms.ActiveCfg = Release|x86
		{A67635BA-89F2-4C7C-A864-F72CD85B43A2}.Release|Mixed Platforms.Build.0 = Release|x86
		{A67635BA-89F2-4C7C-A864-F72CD85B43A2}.Release|x64.ActiveCfg = Release|Any CPU
		{A67635BA-89F2-4C7C-A864-F72CD85B43A2}.Release|x64.Build.0 = Release|Any CPU
		{A67635BA-89F2-4C7C-A864-F72CD85B43A2}.Release|x86.ActiveCfg = Release|Any CPU
		{D3396EA4-E535-45AA-82C3-618DEA7E3DCD}.Debug Rebuild All|Any CPU.ActiveCfg = Debug|x86
		{D3396EA4-E535-45AA-82C3-618DEA7E3DCD}.Debug Rebuild All|Mixed Platforms.ActiveCfg = Debug|x86
		{D3396EA4-E535-45AA-82C3-618DEA7E3DCD}.Debug Rebuild All|Mixed Platforms.Build.0 = Debug|x86
		{D3396EA4-E535-45AA-82C3-618DEA7E3DCD}.Debug Rebuild All|x64.ActiveCfg = Debug|Any CPU
		{D3396EA4-E535-45AA-82C3-618DEA7E3DCD}.Debug Rebuild All|x64.Build.0 = Debug|Any CPU
		{D3396EA4-E535-45AA-82C3-618DEA7E3DCD}.Debug Rebuild All|x86.ActiveCfg = Debug|Any CPU
		{D3396EA4-E535-45AA-82C3-618DEA7E3DCD}.Debug|Any CPU.ActiveCfg = Debug|Any CPU
		{D3396EA4-E535-45AA-82C3-618DEA7E3DCD}.Debug|Any CPU.Build.0 = Debug|Any CPU
		{D3396EA4-E535-45AA-82C3-618DEA7E3DCD}.Debug|Mixed Platforms.ActiveCfg = Debug|x86
		{D3396EA4-E535-45AA-82C3-618DEA7E3DCD}.Debug|Mixed Platforms.Build.0 = Debug|x86
		{D3396EA4-E535-45AA-82C3-618DEA7E3DCD}.Debug|x64.ActiveCfg = Debug|Any CPU
		{D3396EA4-E535-45AA-82C3-618DEA7E3DCD}.Debug|x64.Build.0 = Debug|Any CPU
		{D3396EA4-E535-45AA-82C3-618DEA7E3DCD}.Debug|x86.ActiveCfg = Debug|x86
		{D3396EA4-E535-45AA-82C3-618DEA7E3DCD}.Debug|x86.Build.0 = Debug|x86
		{D3396EA4-E535-45AA-82C3-618DEA7E3DCD}.Official|Any CPU.ActiveCfg = Release|x86
		{D3396EA4-E535-45AA-82C3-618DEA7E3DCD}.Official|Mixed Platforms.ActiveCfg = Release|x86
		{D3396EA4-E535-45AA-82C3-618DEA7E3DCD}.Official|Mixed Platforms.Build.0 = Release|x86
		{D3396EA4-E535-45AA-82C3-618DEA7E3DCD}.Official|x64.ActiveCfg = Release|Any CPU
		{D3396EA4-E535-45AA-82C3-618DEA7E3DCD}.Official|x64.Build.0 = Release|Any CPU
		{D3396EA4-E535-45AA-82C3-618DEA7E3DCD}.Official|x86.ActiveCfg = Release|Any CPU
		{D3396EA4-E535-45AA-82C3-618DEA7E3DCD}.Release|Any CPU.ActiveCfg = Release|Any CPU
		{D3396EA4-E535-45AA-82C3-618DEA7E3DCD}.Release|Any CPU.Build.0 = Release|Any CPU
		{D3396EA4-E535-45AA-82C3-618DEA7E3DCD}.Release|Mixed Platforms.ActiveCfg = Release|x86
		{D3396EA4-E535-45AA-82C3-618DEA7E3DCD}.Release|Mixed Platforms.Build.0 = Release|x86
		{D3396EA4-E535-45AA-82C3-618DEA7E3DCD}.Release|x64.ActiveCfg = Release|Any CPU
		{D3396EA4-E535-45AA-82C3-618DEA7E3DCD}.Release|x64.Build.0 = Release|Any CPU
		{D3396EA4-E535-45AA-82C3-618DEA7E3DCD}.Release|x86.ActiveCfg = Release|Any CPU
		{EC0203FD-D464-4BA0-A088-B87C31139F47}.Debug Rebuild All|Any CPU.ActiveCfg = Debug|Any CPU
		{EC0203FD-D464-4BA0-A088-B87C31139F47}.Debug Rebuild All|Any CPU.Build.0 = Debug|Any CPU
		{EC0203FD-D464-4BA0-A088-B87C31139F47}.Debug Rebuild All|Mixed Platforms.ActiveCfg = Debug|x86
		{EC0203FD-D464-4BA0-A088-B87C31139F47}.Debug Rebuild All|Mixed Platforms.Build.0 = Debug|x86
		{EC0203FD-D464-4BA0-A088-B87C31139F47}.Debug Rebuild All|x64.ActiveCfg = Debug|Any CPU
		{EC0203FD-D464-4BA0-A088-B87C31139F47}.Debug Rebuild All|x64.Build.0 = Debug|Any CPU
		{EC0203FD-D464-4BA0-A088-B87C31139F47}.Debug Rebuild All|x86.ActiveCfg = Debug|x86
		{EC0203FD-D464-4BA0-A088-B87C31139F47}.Debug Rebuild All|x86.Build.0 = Debug|x86
		{EC0203FD-D464-4BA0-A088-B87C31139F47}.Debug|Any CPU.ActiveCfg = Debug|Any CPU
		{EC0203FD-D464-4BA0-A088-B87C31139F47}.Debug|Any CPU.Build.0 = Debug|Any CPU
		{EC0203FD-D464-4BA0-A088-B87C31139F47}.Debug|Mixed Platforms.ActiveCfg = Debug|x86
		{EC0203FD-D464-4BA0-A088-B87C31139F47}.Debug|Mixed Platforms.Build.0 = Debug|x86
		{EC0203FD-D464-4BA0-A088-B87C31139F47}.Debug|x64.ActiveCfg = Debug|Any CPU
		{EC0203FD-D464-4BA0-A088-B87C31139F47}.Debug|x64.Build.0 = Debug|Any CPU
		{EC0203FD-D464-4BA0-A088-B87C31139F47}.Debug|x86.ActiveCfg = Debug|x86
		{EC0203FD-D464-4BA0-A088-B87C31139F47}.Debug|x86.Build.0 = Debug|x86
		{EC0203FD-D464-4BA0-A088-B87C31139F47}.Official|Any CPU.ActiveCfg = Release|Any CPU
		{EC0203FD-D464-4BA0-A088-B87C31139F47}.Official|Any CPU.Build.0 = Release|Any CPU
		{EC0203FD-D464-4BA0-A088-B87C31139F47}.Official|Mixed Platforms.ActiveCfg = Release|x86
		{EC0203FD-D464-4BA0-A088-B87C31139F47}.Official|Mixed Platforms.Build.0 = Release|x86
		{EC0203FD-D464-4BA0-A088-B87C31139F47}.Official|x64.ActiveCfg = Release|Any CPU
		{EC0203FD-D464-4BA0-A088-B87C31139F47}.Official|x64.Build.0 = Release|Any CPU
		{EC0203FD-D464-4BA0-A088-B87C31139F47}.Official|x86.ActiveCfg = Release|x86
		{EC0203FD-D464-4BA0-A088-B87C31139F47}.Official|x86.Build.0 = Release|x86
		{EC0203FD-D464-4BA0-A088-B87C31139F47}.Release|Any CPU.ActiveCfg = Release|Any CPU
		{EC0203FD-D464-4BA0-A088-B87C31139F47}.Release|Any CPU.Build.0 = Release|Any CPU
		{EC0203FD-D464-4BA0-A088-B87C31139F47}.Release|Mixed Platforms.ActiveCfg = Release|x86
		{EC0203FD-D464-4BA0-A088-B87C31139F47}.Release|Mixed Platforms.Build.0 = Release|x86
		{EC0203FD-D464-4BA0-A088-B87C31139F47}.Release|x64.ActiveCfg = Release|Any CPU
		{EC0203FD-D464-4BA0-A088-B87C31139F47}.Release|x64.Build.0 = Release|Any CPU
		{EC0203FD-D464-4BA0-A088-B87C31139F47}.Release|x86.ActiveCfg = Release|x86
		{EC0203FD-D464-4BA0-A088-B87C31139F47}.Release|x86.Build.0 = Release|x86
		{6BBEFB30-18E1-4E1E-BB86-52DF2B7D5642}.Debug Rebuild All|Any CPU.ActiveCfg = Debug|x86
		{6BBEFB30-18E1-4E1E-BB86-52DF2B7D5642}.Debug Rebuild All|Mixed Platforms.ActiveCfg = Debug|x86
		{6BBEFB30-18E1-4E1E-BB86-52DF2B7D5642}.Debug Rebuild All|Mixed Platforms.Build.0 = Debug|x86
		{6BBEFB30-18E1-4E1E-BB86-52DF2B7D5642}.Debug Rebuild All|x64.ActiveCfg = Debug|Any CPU
		{6BBEFB30-18E1-4E1E-BB86-52DF2B7D5642}.Debug Rebuild All|x64.Build.0 = Debug|Any CPU
		{6BBEFB30-18E1-4E1E-BB86-52DF2B7D5642}.Debug Rebuild All|x86.ActiveCfg = Debug|x86
		{6BBEFB30-18E1-4E1E-BB86-52DF2B7D5642}.Debug Rebuild All|x86.Build.0 = Debug|x86
		{6BBEFB30-18E1-4E1E-BB86-52DF2B7D5642}.Debug|Any CPU.ActiveCfg = Debug|Any CPU
		{6BBEFB30-18E1-4E1E-BB86-52DF2B7D5642}.Debug|Any CPU.Build.0 = Debug|Any CPU
		{6BBEFB30-18E1-4E1E-BB86-52DF2B7D5642}.Debug|Mixed Platforms.ActiveCfg = Debug|x86
		{6BBEFB30-18E1-4E1E-BB86-52DF2B7D5642}.Debug|Mixed Platforms.Build.0 = Debug|x86
		{6BBEFB30-18E1-4E1E-BB86-52DF2B7D5642}.Debug|x64.ActiveCfg = Debug|Any CPU
		{6BBEFB30-18E1-4E1E-BB86-52DF2B7D5642}.Debug|x64.Build.0 = Debug|Any CPU
		{6BBEFB30-18E1-4E1E-BB86-52DF2B7D5642}.Debug|x86.ActiveCfg = Debug|x86
		{6BBEFB30-18E1-4E1E-BB86-52DF2B7D5642}.Debug|x86.Build.0 = Debug|x86
		{6BBEFB30-18E1-4E1E-BB86-52DF2B7D5642}.Official|Any CPU.ActiveCfg = Release|x86
		{6BBEFB30-18E1-4E1E-BB86-52DF2B7D5642}.Official|Mixed Platforms.ActiveCfg = Release|x86
		{6BBEFB30-18E1-4E1E-BB86-52DF2B7D5642}.Official|Mixed Platforms.Build.0 = Release|x86
		{6BBEFB30-18E1-4E1E-BB86-52DF2B7D5642}.Official|x64.ActiveCfg = Release|Any CPU
		{6BBEFB30-18E1-4E1E-BB86-52DF2B7D5642}.Official|x64.Build.0 = Release|Any CPU
		{6BBEFB30-18E1-4E1E-BB86-52DF2B7D5642}.Official|x86.ActiveCfg = Release|x86
		{6BBEFB30-18E1-4E1E-BB86-52DF2B7D5642}.Official|x86.Build.0 = Release|x86
		{6BBEFB30-18E1-4E1E-BB86-52DF2B7D5642}.Release|Any CPU.ActiveCfg = Release|Any CPU
		{6BBEFB30-18E1-4E1E-BB86-52DF2B7D5642}.Release|Any CPU.Build.0 = Release|Any CPU
		{6BBEFB30-18E1-4E1E-BB86-52DF2B7D5642}.Release|Mixed Platforms.ActiveCfg = Release|x86
		{6BBEFB30-18E1-4E1E-BB86-52DF2B7D5642}.Release|Mixed Platforms.Build.0 = Release|x86
		{6BBEFB30-18E1-4E1E-BB86-52DF2B7D5642}.Release|x64.ActiveCfg = Release|Any CPU
		{6BBEFB30-18E1-4E1E-BB86-52DF2B7D5642}.Release|x64.Build.0 = Release|Any CPU
		{6BBEFB30-18E1-4E1E-BB86-52DF2B7D5642}.Release|x86.ActiveCfg = Release|x86
		{6BBEFB30-18E1-4E1E-BB86-52DF2B7D5642}.Release|x86.Build.0 = Release|x86
		{4921B4B1-FBEA-4C6B-87A6-E9481E3BEBD1}.Debug Rebuild All|Any CPU.ActiveCfg = Debug|Any CPU
		{4921B4B1-FBEA-4C6B-87A6-E9481E3BEBD1}.Debug Rebuild All|Any CPU.Build.0 = Debug|Any CPU
		{4921B4B1-FBEA-4C6B-87A6-E9481E3BEBD1}.Debug Rebuild All|Mixed Platforms.ActiveCfg = Debug|x86
		{4921B4B1-FBEA-4C6B-87A6-E9481E3BEBD1}.Debug Rebuild All|Mixed Platforms.Build.0 = Debug|x86
		{4921B4B1-FBEA-4C6B-87A6-E9481E3BEBD1}.Debug Rebuild All|x64.ActiveCfg = Debug|Any CPU
		{4921B4B1-FBEA-4C6B-87A6-E9481E3BEBD1}.Debug Rebuild All|x64.Build.0 = Debug|Any CPU
		{4921B4B1-FBEA-4C6B-87A6-E9481E3BEBD1}.Debug Rebuild All|x86.ActiveCfg = Debug|x86
		{4921B4B1-FBEA-4C6B-87A6-E9481E3BEBD1}.Debug Rebuild All|x86.Build.0 = Debug|x86
		{4921B4B1-FBEA-4C6B-87A6-E9481E3BEBD1}.Debug|Any CPU.ActiveCfg = Debug|Any CPU
		{4921B4B1-FBEA-4C6B-87A6-E9481E3BEBD1}.Debug|Any CPU.Build.0 = Debug|Any CPU
		{4921B4B1-FBEA-4C6B-87A6-E9481E3BEBD1}.Debug|Mixed Platforms.ActiveCfg = Debug|x86
		{4921B4B1-FBEA-4C6B-87A6-E9481E3BEBD1}.Debug|Mixed Platforms.Build.0 = Debug|x86
		{4921B4B1-FBEA-4C6B-87A6-E9481E3BEBD1}.Debug|x64.ActiveCfg = Debug|Any CPU
		{4921B4B1-FBEA-4C6B-87A6-E9481E3BEBD1}.Debug|x64.Build.0 = Debug|Any CPU
		{4921B4B1-FBEA-4C6B-87A6-E9481E3BEBD1}.Debug|x86.ActiveCfg = Debug|x86
		{4921B4B1-FBEA-4C6B-87A6-E9481E3BEBD1}.Debug|x86.Build.0 = Debug|x86
		{4921B4B1-FBEA-4C6B-87A6-E9481E3BEBD1}.Official|Any CPU.ActiveCfg = Release|Any CPU
		{4921B4B1-FBEA-4C6B-87A6-E9481E3BEBD1}.Official|Any CPU.Build.0 = Release|Any CPU
		{4921B4B1-FBEA-4C6B-87A6-E9481E3BEBD1}.Official|Mixed Platforms.ActiveCfg = Release|x86
		{4921B4B1-FBEA-4C6B-87A6-E9481E3BEBD1}.Official|Mixed Platforms.Build.0 = Release|x86
		{4921B4B1-FBEA-4C6B-87A6-E9481E3BEBD1}.Official|x64.ActiveCfg = Release|Any CPU
		{4921B4B1-FBEA-4C6B-87A6-E9481E3BEBD1}.Official|x64.Build.0 = Release|Any CPU
		{4921B4B1-FBEA-4C6B-87A6-E9481E3BEBD1}.Official|x86.ActiveCfg = Release|x86
		{4921B4B1-FBEA-4C6B-87A6-E9481E3BEBD1}.Official|x86.Build.0 = Release|x86
		{4921B4B1-FBEA-4C6B-87A6-E9481E3BEBD1}.Release|Any CPU.ActiveCfg = Release|Any CPU
		{4921B4B1-FBEA-4C6B-87A6-E9481E3BEBD1}.Release|Any CPU.Build.0 = Release|Any CPU
		{4921B4B1-FBEA-4C6B-87A6-E9481E3BEBD1}.Release|Mixed Platforms.ActiveCfg = Release|x86
		{4921B4B1-FBEA-4C6B-87A6-E9481E3BEBD1}.Release|Mixed Platforms.Build.0 = Release|x86
		{4921B4B1-FBEA-4C6B-87A6-E9481E3BEBD1}.Release|x64.ActiveCfg = Release|Any CPU
		{4921B4B1-FBEA-4C6B-87A6-E9481E3BEBD1}.Release|x64.Build.0 = Release|Any CPU
		{4921B4B1-FBEA-4C6B-87A6-E9481E3BEBD1}.Release|x86.ActiveCfg = Release|x86
		{4921B4B1-FBEA-4C6B-87A6-E9481E3BEBD1}.Release|x86.Build.0 = Release|x86
		{A8EBD84D-E153-400D-9430-A056F432A8DB}.Debug Rebuild All|Any CPU.ActiveCfg = Debug|x86
		{A8EBD84D-E153-400D-9430-A056F432A8DB}.Debug Rebuild All|Mixed Platforms.ActiveCfg = Debug|x86
		{A8EBD84D-E153-400D-9430-A056F432A8DB}.Debug Rebuild All|Mixed Platforms.Build.0 = Debug|x86
		{A8EBD84D-E153-400D-9430-A056F432A8DB}.Debug Rebuild All|x64.ActiveCfg = Debug|Any CPU
		{A8EBD84D-E153-400D-9430-A056F432A8DB}.Debug Rebuild All|x64.Build.0 = Debug|Any CPU
		{A8EBD84D-E153-400D-9430-A056F432A8DB}.Debug Rebuild All|x86.ActiveCfg = Debug|x86
		{A8EBD84D-E153-400D-9430-A056F432A8DB}.Debug Rebuild All|x86.Build.0 = Debug|x86
		{A8EBD84D-E153-400D-9430-A056F432A8DB}.Debug|Any CPU.ActiveCfg = Debug|Any CPU
		{A8EBD84D-E153-400D-9430-A056F432A8DB}.Debug|Any CPU.Build.0 = Debug|Any CPU
		{A8EBD84D-E153-400D-9430-A056F432A8DB}.Debug|Mixed Platforms.ActiveCfg = Debug|x86
		{A8EBD84D-E153-400D-9430-A056F432A8DB}.Debug|Mixed Platforms.Build.0 = Debug|x86
		{A8EBD84D-E153-400D-9430-A056F432A8DB}.Debug|x64.ActiveCfg = Debug|Any CPU
		{A8EBD84D-E153-400D-9430-A056F432A8DB}.Debug|x64.Build.0 = Debug|Any CPU
		{A8EBD84D-E153-400D-9430-A056F432A8DB}.Debug|x86.ActiveCfg = Debug|x86
		{A8EBD84D-E153-400D-9430-A056F432A8DB}.Debug|x86.Build.0 = Debug|x86
		{A8EBD84D-E153-400D-9430-A056F432A8DB}.Official|Any CPU.ActiveCfg = Release|x86
		{A8EBD84D-E153-400D-9430-A056F432A8DB}.Official|Mixed Platforms.ActiveCfg = Release|x86
		{A8EBD84D-E153-400D-9430-A056F432A8DB}.Official|Mixed Platforms.Build.0 = Release|x86
		{A8EBD84D-E153-400D-9430-A056F432A8DB}.Official|x64.ActiveCfg = Release|Any CPU
		{A8EBD84D-E153-400D-9430-A056F432A8DB}.Official|x64.Build.0 = Release|Any CPU
		{A8EBD84D-E153-400D-9430-A056F432A8DB}.Official|x86.ActiveCfg = Release|x86
		{A8EBD84D-E153-400D-9430-A056F432A8DB}.Official|x86.Build.0 = Release|x86
		{A8EBD84D-E153-400D-9430-A056F432A8DB}.Release|Any CPU.ActiveCfg = Release|Any CPU
		{A8EBD84D-E153-400D-9430-A056F432A8DB}.Release|Any CPU.Build.0 = Release|Any CPU
		{A8EBD84D-E153-400D-9430-A056F432A8DB}.Release|Mixed Platforms.ActiveCfg = Release|x86
		{A8EBD84D-E153-400D-9430-A056F432A8DB}.Release|Mixed Platforms.Build.0 = Release|x86
		{A8EBD84D-E153-400D-9430-A056F432A8DB}.Release|x64.ActiveCfg = Release|Any CPU
		{A8EBD84D-E153-400D-9430-A056F432A8DB}.Release|x64.Build.0 = Release|Any CPU
		{A8EBD84D-E153-400D-9430-A056F432A8DB}.Release|x86.ActiveCfg = Release|x86
		{A8EBD84D-E153-400D-9430-A056F432A8DB}.Release|x86.Build.0 = Release|x86
		{7A78E6DD-7372-465F-AFE2-AEA5A9F35EA1}.Debug Rebuild All|Any CPU.ActiveCfg = Debug|x86
		{7A78E6DD-7372-465F-AFE2-AEA5A9F35EA1}.Debug Rebuild All|Mixed Platforms.ActiveCfg = Debug|x86
		{7A78E6DD-7372-465F-AFE2-AEA5A9F35EA1}.Debug Rebuild All|Mixed Platforms.Build.0 = Debug|x86
		{7A78E6DD-7372-465F-AFE2-AEA5A9F35EA1}.Debug Rebuild All|x64.ActiveCfg = Debug|Any CPU
		{7A78E6DD-7372-465F-AFE2-AEA5A9F35EA1}.Debug Rebuild All|x64.Build.0 = Debug|Any CPU
		{7A78E6DD-7372-465F-AFE2-AEA5A9F35EA1}.Debug Rebuild All|x86.ActiveCfg = Debug|x86
		{7A78E6DD-7372-465F-AFE2-AEA5A9F35EA1}.Debug Rebuild All|x86.Build.0 = Debug|x86
		{7A78E6DD-7372-465F-AFE2-AEA5A9F35EA1}.Debug|Any CPU.ActiveCfg = Debug|Any CPU
		{7A78E6DD-7372-465F-AFE2-AEA5A9F35EA1}.Debug|Any CPU.Build.0 = Debug|Any CPU
		{7A78E6DD-7372-465F-AFE2-AEA5A9F35EA1}.Debug|Mixed Platforms.ActiveCfg = Debug|x86
		{7A78E6DD-7372-465F-AFE2-AEA5A9F35EA1}.Debug|Mixed Platforms.Build.0 = Debug|x86
		{7A78E6DD-7372-465F-AFE2-AEA5A9F35EA1}.Debug|x64.ActiveCfg = Debug|Any CPU
		{7A78E6DD-7372-465F-AFE2-AEA5A9F35EA1}.Debug|x64.Build.0 = Debug|Any CPU
		{7A78E6DD-7372-465F-AFE2-AEA5A9F35EA1}.Debug|x86.ActiveCfg = Debug|x86
		{7A78E6DD-7372-465F-AFE2-AEA5A9F35EA1}.Debug|x86.Build.0 = Debug|x86
		{7A78E6DD-7372-465F-AFE2-AEA5A9F35EA1}.Official|Any CPU.ActiveCfg = Release|x86
		{7A78E6DD-7372-465F-AFE2-AEA5A9F35EA1}.Official|Mixed Platforms.ActiveCfg = Release|x86
		{7A78E6DD-7372-465F-AFE2-AEA5A9F35EA1}.Official|Mixed Platforms.Build.0 = Release|x86
		{7A78E6DD-7372-465F-AFE2-AEA5A9F35EA1}.Official|x64.ActiveCfg = Release|Any CPU
		{7A78E6DD-7372-465F-AFE2-AEA5A9F35EA1}.Official|x64.Build.0 = Release|Any CPU
		{7A78E6DD-7372-465F-AFE2-AEA5A9F35EA1}.Official|x86.ActiveCfg = Release|x86
		{7A78E6DD-7372-465F-AFE2-AEA5A9F35EA1}.Official|x86.Build.0 = Release|x86
		{7A78E6DD-7372-465F-AFE2-AEA5A9F35EA1}.Release|Any CPU.ActiveCfg = Release|Any CPU
		{7A78E6DD-7372-465F-AFE2-AEA5A9F35EA1}.Release|Any CPU.Build.0 = Release|Any CPU
		{7A78E6DD-7372-465F-AFE2-AEA5A9F35EA1}.Release|Mixed Platforms.ActiveCfg = Release|x86
		{7A78E6DD-7372-465F-AFE2-AEA5A9F35EA1}.Release|Mixed Platforms.Build.0 = Release|x86
		{7A78E6DD-7372-465F-AFE2-AEA5A9F35EA1}.Release|x64.ActiveCfg = Release|Any CPU
		{7A78E6DD-7372-465F-AFE2-AEA5A9F35EA1}.Release|x64.Build.0 = Release|Any CPU
		{7A78E6DD-7372-465F-AFE2-AEA5A9F35EA1}.Release|x86.ActiveCfg = Release|x86
		{7A78E6DD-7372-465F-AFE2-AEA5A9F35EA1}.Release|x86.Build.0 = Release|x86
		{6E5DCBA5-7804-42E2-B7AE-EC0F718621C9}.Debug Rebuild All|Any CPU.ActiveCfg = Debug Rebuild All|Any CPU
		{6E5DCBA5-7804-42E2-B7AE-EC0F718621C9}.Debug Rebuild All|Any CPU.Build.0 = Debug Rebuild All|Any CPU
		{6E5DCBA5-7804-42E2-B7AE-EC0F718621C9}.Debug Rebuild All|Mixed Platforms.ActiveCfg = Debug Rebuild All|x86
		{6E5DCBA5-7804-42E2-B7AE-EC0F718621C9}.Debug Rebuild All|Mixed Platforms.Build.0 = Debug Rebuild All|x86
		{6E5DCBA5-7804-42E2-B7AE-EC0F718621C9}.Debug Rebuild All|x64.ActiveCfg = Debug Rebuild All|Any CPU
		{6E5DCBA5-7804-42E2-B7AE-EC0F718621C9}.Debug Rebuild All|x64.Build.0 = Debug Rebuild All|Any CPU
		{6E5DCBA5-7804-42E2-B7AE-EC0F718621C9}.Debug Rebuild All|x86.ActiveCfg = Debug Rebuild All|x86
		{6E5DCBA5-7804-42E2-B7AE-EC0F718621C9}.Debug Rebuild All|x86.Build.0 = Debug Rebuild All|x86
		{6E5DCBA5-7804-42E2-B7AE-EC0F718621C9}.Debug|Any CPU.ActiveCfg = Debug|Any CPU
		{6E5DCBA5-7804-42E2-B7AE-EC0F718621C9}.Debug|Any CPU.Build.0 = Debug|Any CPU
		{6E5DCBA5-7804-42E2-B7AE-EC0F718621C9}.Debug|Mixed Platforms.ActiveCfg = Debug|x86
		{6E5DCBA5-7804-42E2-B7AE-EC0F718621C9}.Debug|Mixed Platforms.Build.0 = Debug|x86
		{6E5DCBA5-7804-42E2-B7AE-EC0F718621C9}.Debug|x64.ActiveCfg = Debug|Any CPU
		{6E5DCBA5-7804-42E2-B7AE-EC0F718621C9}.Debug|x64.Build.0 = Debug|Any CPU
		{6E5DCBA5-7804-42E2-B7AE-EC0F718621C9}.Debug|x86.ActiveCfg = Debug|x86
		{6E5DCBA5-7804-42E2-B7AE-EC0F718621C9}.Debug|x86.Build.0 = Debug|x86
		{6E5DCBA5-7804-42E2-B7AE-EC0F718621C9}.Official|Any CPU.ActiveCfg = Debug Rebuild All|Any CPU
		{6E5DCBA5-7804-42E2-B7AE-EC0F718621C9}.Official|Any CPU.Build.0 = Debug Rebuild All|Any CPU
		{6E5DCBA5-7804-42E2-B7AE-EC0F718621C9}.Official|Mixed Platforms.ActiveCfg = Debug Rebuild All|x86
		{6E5DCBA5-7804-42E2-B7AE-EC0F718621C9}.Official|Mixed Platforms.Build.0 = Debug Rebuild All|x86
		{6E5DCBA5-7804-42E2-B7AE-EC0F718621C9}.Official|x64.ActiveCfg = Release|Any CPU
		{6E5DCBA5-7804-42E2-B7AE-EC0F718621C9}.Official|x64.Build.0 = Release|Any CPU
		{6E5DCBA5-7804-42E2-B7AE-EC0F718621C9}.Official|x86.ActiveCfg = Debug Rebuild All|x86
		{6E5DCBA5-7804-42E2-B7AE-EC0F718621C9}.Official|x86.Build.0 = Debug Rebuild All|x86
		{6E5DCBA5-7804-42E2-B7AE-EC0F718621C9}.Release|Any CPU.ActiveCfg = Release|Any CPU
		{6E5DCBA5-7804-42E2-B7AE-EC0F718621C9}.Release|Any CPU.Build.0 = Release|Any CPU
		{6E5DCBA5-7804-42E2-B7AE-EC0F718621C9}.Release|Mixed Platforms.ActiveCfg = Release|x86
		{6E5DCBA5-7804-42E2-B7AE-EC0F718621C9}.Release|Mixed Platforms.Build.0 = Release|x86
		{6E5DCBA5-7804-42E2-B7AE-EC0F718621C9}.Release|x64.ActiveCfg = Release|Any CPU
		{6E5DCBA5-7804-42E2-B7AE-EC0F718621C9}.Release|x64.Build.0 = Release|Any CPU
		{6E5DCBA5-7804-42E2-B7AE-EC0F718621C9}.Release|x86.ActiveCfg = Release|x86
		{6E5DCBA5-7804-42E2-B7AE-EC0F718621C9}.Release|x86.Build.0 = Release|x86
		{D4397193-C9DB-4A7F-A047-98D40AC12647}.Debug Rebuild All|Any CPU.ActiveCfg = Debug|Any CPU
		{D4397193-C9DB-4A7F-A047-98D40AC12647}.Debug Rebuild All|Any CPU.Build.0 = Debug|Any CPU
		{D4397193-C9DB-4A7F-A047-98D40AC12647}.Debug Rebuild All|Mixed Platforms.ActiveCfg = Debug|x86
		{D4397193-C9DB-4A7F-A047-98D40AC12647}.Debug Rebuild All|Mixed Platforms.Build.0 = Debug|x86
		{D4397193-C9DB-4A7F-A047-98D40AC12647}.Debug Rebuild All|x64.ActiveCfg = Debug|Any CPU
		{D4397193-C9DB-4A7F-A047-98D40AC12647}.Debug Rebuild All|x64.Build.0 = Debug|Any CPU
		{D4397193-C9DB-4A7F-A047-98D40AC12647}.Debug Rebuild All|x86.ActiveCfg = Debug|x86
		{D4397193-C9DB-4A7F-A047-98D40AC12647}.Debug Rebuild All|x86.Build.0 = Debug|x86
		{D4397193-C9DB-4A7F-A047-98D40AC12647}.Debug|Any CPU.ActiveCfg = Debug|Any CPU
		{D4397193-C9DB-4A7F-A047-98D40AC12647}.Debug|Any CPU.Build.0 = Debug|Any CPU
		{D4397193-C9DB-4A7F-A047-98D40AC12647}.Debug|Mixed Platforms.ActiveCfg = Debug|x86
		{D4397193-C9DB-4A7F-A047-98D40AC12647}.Debug|Mixed Platforms.Build.0 = Debug|x86
		{D4397193-C9DB-4A7F-A047-98D40AC12647}.Debug|x64.ActiveCfg = Debug|Any CPU
		{D4397193-C9DB-4A7F-A047-98D40AC12647}.Debug|x64.Build.0 = Debug|Any CPU
		{D4397193-C9DB-4A7F-A047-98D40AC12647}.Debug|x86.ActiveCfg = Debug|x86
		{D4397193-C9DB-4A7F-A047-98D40AC12647}.Debug|x86.Build.0 = Debug|x86
		{D4397193-C9DB-4A7F-A047-98D40AC12647}.Official|Any CPU.ActiveCfg = Release|Any CPU
		{D4397193-C9DB-4A7F-A047-98D40AC12647}.Official|Any CPU.Build.0 = Release|Any CPU
		{D4397193-C9DB-4A7F-A047-98D40AC12647}.Official|Mixed Platforms.ActiveCfg = Release|x86
		{D4397193-C9DB-4A7F-A047-98D40AC12647}.Official|Mixed Platforms.Build.0 = Release|x86
		{D4397193-C9DB-4A7F-A047-98D40AC12647}.Official|x64.ActiveCfg = Release|Any CPU
		{D4397193-C9DB-4A7F-A047-98D40AC12647}.Official|x64.Build.0 = Release|Any CPU
		{D4397193-C9DB-4A7F-A047-98D40AC12647}.Official|x86.ActiveCfg = Release|x86
		{D4397193-C9DB-4A7F-A047-98D40AC12647}.Official|x86.Build.0 = Release|x86
		{D4397193-C9DB-4A7F-A047-98D40AC12647}.Release|Any CPU.ActiveCfg = Release|Any CPU
		{D4397193-C9DB-4A7F-A047-98D40AC12647}.Release|Any CPU.Build.0 = Release|Any CPU
		{D4397193-C9DB-4A7F-A047-98D40AC12647}.Release|Mixed Platforms.ActiveCfg = Release|x86
		{D4397193-C9DB-4A7F-A047-98D40AC12647}.Release|Mixed Platforms.Build.0 = Release|x86
		{D4397193-C9DB-4A7F-A047-98D40AC12647}.Release|x64.ActiveCfg = Release|Any CPU
		{D4397193-C9DB-4A7F-A047-98D40AC12647}.Release|x64.Build.0 = Release|Any CPU
		{D4397193-C9DB-4A7F-A047-98D40AC12647}.Release|x86.ActiveCfg = Release|x86
		{D4397193-C9DB-4A7F-A047-98D40AC12647}.Release|x86.Build.0 = Release|x86
		{F8FBA54E-48E4-4803-8379-EE8159661126}.Debug Rebuild All|Any CPU.ActiveCfg = Debug|Any CPU
		{F8FBA54E-48E4-4803-8379-EE8159661126}.Debug Rebuild All|Any CPU.Build.0 = Debug|Any CPU
		{F8FBA54E-48E4-4803-8379-EE8159661126}.Debug Rebuild All|Mixed Platforms.ActiveCfg = Debug|x86
		{F8FBA54E-48E4-4803-8379-EE8159661126}.Debug Rebuild All|Mixed Platforms.Build.0 = Debug|x86
		{F8FBA54E-48E4-4803-8379-EE8159661126}.Debug Rebuild All|x64.ActiveCfg = Debug|Any CPU
		{F8FBA54E-48E4-4803-8379-EE8159661126}.Debug Rebuild All|x64.Build.0 = Debug|Any CPU
		{F8FBA54E-48E4-4803-8379-EE8159661126}.Debug Rebuild All|x86.ActiveCfg = Debug|x86
		{F8FBA54E-48E4-4803-8379-EE8159661126}.Debug Rebuild All|x86.Build.0 = Debug|x86
		{F8FBA54E-48E4-4803-8379-EE8159661126}.Debug|Any CPU.ActiveCfg = Debug|Any CPU
		{F8FBA54E-48E4-4803-8379-EE8159661126}.Debug|Any CPU.Build.0 = Debug|Any CPU
		{F8FBA54E-48E4-4803-8379-EE8159661126}.Debug|Mixed Platforms.ActiveCfg = Debug|x86
		{F8FBA54E-48E4-4803-8379-EE8159661126}.Debug|Mixed Platforms.Build.0 = Debug|x86
		{F8FBA54E-48E4-4803-8379-EE8159661126}.Debug|x64.ActiveCfg = Debug|Any CPU
		{F8FBA54E-48E4-4803-8379-EE8159661126}.Debug|x64.Build.0 = Debug|Any CPU
		{F8FBA54E-48E4-4803-8379-EE8159661126}.Debug|x86.ActiveCfg = Debug|x86
		{F8FBA54E-48E4-4803-8379-EE8159661126}.Debug|x86.Build.0 = Debug|x86
		{F8FBA54E-48E4-4803-8379-EE8159661126}.Official|Any CPU.ActiveCfg = Release|Any CPU
		{F8FBA54E-48E4-4803-8379-EE8159661126}.Official|Any CPU.Build.0 = Release|Any CPU
		{F8FBA54E-48E4-4803-8379-EE8159661126}.Official|Mixed Platforms.ActiveCfg = Release|x86
		{F8FBA54E-48E4-4803-8379-EE8159661126}.Official|Mixed Platforms.Build.0 = Release|x86
		{F8FBA54E-48E4-4803-8379-EE8159661126}.Official|x64.ActiveCfg = Release|Any CPU
		{F8FBA54E-48E4-4803-8379-EE8159661126}.Official|x64.Build.0 = Release|Any CPU
		{F8FBA54E-48E4-4803-8379-EE8159661126}.Official|x86.ActiveCfg = Release|x86
		{F8FBA54E-48E4-4803-8379-EE8159661126}.Official|x86.Build.0 = Release|x86
		{F8FBA54E-48E4-4803-8379-EE8159661126}.Release|Any CPU.ActiveCfg = Release|Any CPU
		{F8FBA54E-48E4-4803-8379-EE8159661126}.Release|Any CPU.Build.0 = Release|Any CPU
		{F8FBA54E-48E4-4803-8379-EE8159661126}.Release|Mixed Platforms.ActiveCfg = Release|x86
		{F8FBA54E-48E4-4803-8379-EE8159661126}.Release|Mixed Platforms.Build.0 = Release|x86
		{F8FBA54E-48E4-4803-8379-EE8159661126}.Release|x64.ActiveCfg = Release|Any CPU
		{F8FBA54E-48E4-4803-8379-EE8159661126}.Release|x64.Build.0 = Release|Any CPU
		{F8FBA54E-48E4-4803-8379-EE8159661126}.Release|x86.ActiveCfg = Release|x86
		{F8FBA54E-48E4-4803-8379-EE8159661126}.Release|x86.Build.0 = Release|x86
		{CB282DAC-9D0F-49D5-9239-18B692A36533}.Debug Rebuild All|Any CPU.ActiveCfg = Debug|Any CPU
		{CB282DAC-9D0F-49D5-9239-18B692A36533}.Debug Rebuild All|Any CPU.Build.0 = Debug|Any CPU
		{CB282DAC-9D0F-49D5-9239-18B692A36533}.Debug Rebuild All|Mixed Platforms.ActiveCfg = Debug|x86
		{CB282DAC-9D0F-49D5-9239-18B692A36533}.Debug Rebuild All|Mixed Platforms.Build.0 = Debug|x86
		{CB282DAC-9D0F-49D5-9239-18B692A36533}.Debug Rebuild All|x64.ActiveCfg = Debug|Any CPU
		{CB282DAC-9D0F-49D5-9239-18B692A36533}.Debug Rebuild All|x64.Build.0 = Debug|Any CPU
		{CB282DAC-9D0F-49D5-9239-18B692A36533}.Debug Rebuild All|x86.ActiveCfg = Debug|x86
		{CB282DAC-9D0F-49D5-9239-18B692A36533}.Debug Rebuild All|x86.Build.0 = Debug|x86
		{CB282DAC-9D0F-49D5-9239-18B692A36533}.Debug|Any CPU.ActiveCfg = Debug|Any CPU
		{CB282DAC-9D0F-49D5-9239-18B692A36533}.Debug|Any CPU.Build.0 = Debug|Any CPU
		{CB282DAC-9D0F-49D5-9239-18B692A36533}.Debug|Mixed Platforms.ActiveCfg = Debug|x86
		{CB282DAC-9D0F-49D5-9239-18B692A36533}.Debug|Mixed Platforms.Build.0 = Debug|x86
		{CB282DAC-9D0F-49D5-9239-18B692A36533}.Debug|x64.ActiveCfg = Debug|Any CPU
		{CB282DAC-9D0F-49D5-9239-18B692A36533}.Debug|x64.Build.0 = Debug|Any CPU
		{CB282DAC-9D0F-49D5-9239-18B692A36533}.Debug|x86.ActiveCfg = Debug|x86
		{CB282DAC-9D0F-49D5-9239-18B692A36533}.Debug|x86.Build.0 = Debug|x86
		{CB282DAC-9D0F-49D5-9239-18B692A36533}.Official|Any CPU.ActiveCfg = Release|Any CPU
		{CB282DAC-9D0F-49D5-9239-18B692A36533}.Official|Any CPU.Build.0 = Release|Any CPU
		{CB282DAC-9D0F-49D5-9239-18B692A36533}.Official|Mixed Platforms.ActiveCfg = Release|x86
		{CB282DAC-9D0F-49D5-9239-18B692A36533}.Official|Mixed Platforms.Build.0 = Release|x86
		{CB282DAC-9D0F-49D5-9239-18B692A36533}.Official|x64.ActiveCfg = Release|Any CPU
		{CB282DAC-9D0F-49D5-9239-18B692A36533}.Official|x64.Build.0 = Release|Any CPU
		{CB282DAC-9D0F-49D5-9239-18B692A36533}.Official|x86.ActiveCfg = Release|x86
		{CB282DAC-9D0F-49D5-9239-18B692A36533}.Official|x86.Build.0 = Release|x86
		{CB282DAC-9D0F-49D5-9239-18B692A36533}.Release|Any CPU.ActiveCfg = Release|Any CPU
		{CB282DAC-9D0F-49D5-9239-18B692A36533}.Release|Any CPU.Build.0 = Release|Any CPU
		{CB282DAC-9D0F-49D5-9239-18B692A36533}.Release|Mixed Platforms.ActiveCfg = Release|x86
		{CB282DAC-9D0F-49D5-9239-18B692A36533}.Release|Mixed Platforms.Build.0 = Release|x86
		{CB282DAC-9D0F-49D5-9239-18B692A36533}.Release|x64.ActiveCfg = Release|Any CPU
		{CB282DAC-9D0F-49D5-9239-18B692A36533}.Release|x64.Build.0 = Release|Any CPU
		{CB282DAC-9D0F-49D5-9239-18B692A36533}.Release|x86.ActiveCfg = Release|x86
		{CB282DAC-9D0F-49D5-9239-18B692A36533}.Release|x86.Build.0 = Release|x86
		{11B976D5-A936-4456-BCAA-93C179B21E9F}.Debug Rebuild All|Any CPU.ActiveCfg = Debug Rebuild All|Any CPU
		{11B976D5-A936-4456-BCAA-93C179B21E9F}.Debug Rebuild All|Any CPU.Build.0 = Debug Rebuild All|Any CPU
		{11B976D5-A936-4456-BCAA-93C179B21E9F}.Debug Rebuild All|Mixed Platforms.ActiveCfg = Debug Rebuild All|x86
		{11B976D5-A936-4456-BCAA-93C179B21E9F}.Debug Rebuild All|Mixed Platforms.Build.0 = Debug Rebuild All|x86
		{11B976D5-A936-4456-BCAA-93C179B21E9F}.Debug Rebuild All|x64.ActiveCfg = Debug Rebuild All|Any CPU
		{11B976D5-A936-4456-BCAA-93C179B21E9F}.Debug Rebuild All|x64.Build.0 = Debug Rebuild All|Any CPU
		{11B976D5-A936-4456-BCAA-93C179B21E9F}.Debug Rebuild All|x86.ActiveCfg = Debug Rebuild All|x86
		{11B976D5-A936-4456-BCAA-93C179B21E9F}.Debug Rebuild All|x86.Build.0 = Debug Rebuild All|x86
		{11B976D5-A936-4456-BCAA-93C179B21E9F}.Debug|Any CPU.ActiveCfg = Debug|Any CPU
		{11B976D5-A936-4456-BCAA-93C179B21E9F}.Debug|Any CPU.Build.0 = Debug|Any CPU
		{11B976D5-A936-4456-BCAA-93C179B21E9F}.Debug|Mixed Platforms.ActiveCfg = Debug|x86
		{11B976D5-A936-4456-BCAA-93C179B21E9F}.Debug|Mixed Platforms.Build.0 = Debug|x86
		{11B976D5-A936-4456-BCAA-93C179B21E9F}.Debug|x64.ActiveCfg = Debug|Any CPU
		{11B976D5-A936-4456-BCAA-93C179B21E9F}.Debug|x64.Build.0 = Debug|Any CPU
		{11B976D5-A936-4456-BCAA-93C179B21E9F}.Debug|x86.ActiveCfg = Debug|x86
		{11B976D5-A936-4456-BCAA-93C179B21E9F}.Debug|x86.Build.0 = Debug|x86
		{11B976D5-A936-4456-BCAA-93C179B21E9F}.Official|Any CPU.ActiveCfg = Debug Rebuild All|Any CPU
		{11B976D5-A936-4456-BCAA-93C179B21E9F}.Official|Any CPU.Build.0 = Debug Rebuild All|Any CPU
		{11B976D5-A936-4456-BCAA-93C179B21E9F}.Official|Mixed Platforms.ActiveCfg = Debug Rebuild All|x86
		{11B976D5-A936-4456-BCAA-93C179B21E9F}.Official|Mixed Platforms.Build.0 = Debug Rebuild All|x86
		{11B976D5-A936-4456-BCAA-93C179B21E9F}.Official|x64.ActiveCfg = Release|Any CPU
		{11B976D5-A936-4456-BCAA-93C179B21E9F}.Official|x64.Build.0 = Release|Any CPU
		{11B976D5-A936-4456-BCAA-93C179B21E9F}.Official|x86.ActiveCfg = Debug Rebuild All|x86
		{11B976D5-A936-4456-BCAA-93C179B21E9F}.Official|x86.Build.0 = Debug Rebuild All|x86
		{11B976D5-A936-4456-BCAA-93C179B21E9F}.Release|Any CPU.ActiveCfg = Release|Any CPU
		{11B976D5-A936-4456-BCAA-93C179B21E9F}.Release|Any CPU.Build.0 = Release|Any CPU
		{11B976D5-A936-4456-BCAA-93C179B21E9F}.Release|Mixed Platforms.ActiveCfg = Release|x86
		{11B976D5-A936-4456-BCAA-93C179B21E9F}.Release|Mixed Platforms.Build.0 = Release|x86
		{11B976D5-A936-4456-BCAA-93C179B21E9F}.Release|x64.ActiveCfg = Release|Any CPU
		{11B976D5-A936-4456-BCAA-93C179B21E9F}.Release|x64.Build.0 = Release|Any CPU
		{11B976D5-A936-4456-BCAA-93C179B21E9F}.Release|x86.ActiveCfg = Release|x86
		{11B976D5-A936-4456-BCAA-93C179B21E9F}.Release|x86.Build.0 = Release|x86
		{6720570F-53FE-4A28-A496-E04B2DC0C335}.Debug Rebuild All|Any CPU.ActiveCfg = Debug Rebuild All|Any CPU
		{6720570F-53FE-4A28-A496-E04B2DC0C335}.Debug Rebuild All|Any CPU.Build.0 = Debug Rebuild All|Any CPU
		{6720570F-53FE-4A28-A496-E04B2DC0C335}.Debug Rebuild All|Mixed Platforms.ActiveCfg = Debug Rebuild All|x86
		{6720570F-53FE-4A28-A496-E04B2DC0C335}.Debug Rebuild All|Mixed Platforms.Build.0 = Debug Rebuild All|x86
		{6720570F-53FE-4A28-A496-E04B2DC0C335}.Debug Rebuild All|x64.ActiveCfg = Debug Rebuild All|Any CPU
		{6720570F-53FE-4A28-A496-E04B2DC0C335}.Debug Rebuild All|x64.Build.0 = Debug Rebuild All|Any CPU
		{6720570F-53FE-4A28-A496-E04B2DC0C335}.Debug Rebuild All|x86.ActiveCfg = Debug Rebuild All|x86
		{6720570F-53FE-4A28-A496-E04B2DC0C335}.Debug Rebuild All|x86.Build.0 = Debug Rebuild All|x86
		{6720570F-53FE-4A28-A496-E04B2DC0C335}.Debug|Any CPU.ActiveCfg = Debug|Any CPU
		{6720570F-53FE-4A28-A496-E04B2DC0C335}.Debug|Any CPU.Build.0 = Debug|Any CPU
		{6720570F-53FE-4A28-A496-E04B2DC0C335}.Debug|Mixed Platforms.ActiveCfg = Debug|x86
		{6720570F-53FE-4A28-A496-E04B2DC0C335}.Debug|Mixed Platforms.Build.0 = Debug|x86
		{6720570F-53FE-4A28-A496-E04B2DC0C335}.Debug|x64.ActiveCfg = Debug|Any CPU
		{6720570F-53FE-4A28-A496-E04B2DC0C335}.Debug|x64.Build.0 = Debug|Any CPU
		{6720570F-53FE-4A28-A496-E04B2DC0C335}.Debug|x86.ActiveCfg = Debug|x86
		{6720570F-53FE-4A28-A496-E04B2DC0C335}.Debug|x86.Build.0 = Debug|x86
		{6720570F-53FE-4A28-A496-E04B2DC0C335}.Official|Any CPU.ActiveCfg = Debug Rebuild All|Any CPU
		{6720570F-53FE-4A28-A496-E04B2DC0C335}.Official|Any CPU.Build.0 = Debug Rebuild All|Any CPU
		{6720570F-53FE-4A28-A496-E04B2DC0C335}.Official|Mixed Platforms.ActiveCfg = Debug Rebuild All|x86
		{6720570F-53FE-4A28-A496-E04B2DC0C335}.Official|Mixed Platforms.Build.0 = Debug Rebuild All|x86
		{6720570F-53FE-4A28-A496-E04B2DC0C335}.Official|x64.ActiveCfg = Release|Any CPU
		{6720570F-53FE-4A28-A496-E04B2DC0C335}.Official|x64.Build.0 = Release|Any CPU
		{6720570F-53FE-4A28-A496-E04B2DC0C335}.Official|x86.ActiveCfg = Debug Rebuild All|x86
		{6720570F-53FE-4A28-A496-E04B2DC0C335}.Official|x86.Build.0 = Debug Rebuild All|x86
		{6720570F-53FE-4A28-A496-E04B2DC0C335}.Release|Any CPU.ActiveCfg = Release|Any CPU
		{6720570F-53FE-4A28-A496-E04B2DC0C335}.Release|Any CPU.Build.0 = Release|Any CPU
		{6720570F-53FE-4A28-A496-E04B2DC0C335}.Release|Mixed Platforms.ActiveCfg = Release|x86
		{6720570F-53FE-4A28-A496-E04B2DC0C335}.Release|Mixed Platforms.Build.0 = Release|x86
		{6720570F-53FE-4A28-A496-E04B2DC0C335}.Release|x64.ActiveCfg = Release|Any CPU
		{6720570F-53FE-4A28-A496-E04B2DC0C335}.Release|x64.Build.0 = Release|Any CPU
		{6720570F-53FE-4A28-A496-E04B2DC0C335}.Release|x86.ActiveCfg = Release|x86
		{6720570F-53FE-4A28-A496-E04B2DC0C335}.Release|x86.Build.0 = Release|x86
		{32870FF5-86FC-43E0-B62C-EB2EB6FB689A}.Debug Rebuild All|Any CPU.ActiveCfg = Debug Rebuild All|Any CPU
		{32870FF5-86FC-43E0-B62C-EB2EB6FB689A}.Debug Rebuild All|Any CPU.Build.0 = Debug Rebuild All|Any CPU
		{32870FF5-86FC-43E0-B62C-EB2EB6FB689A}.Debug Rebuild All|Mixed Platforms.ActiveCfg = Debug Rebuild All|x86
		{32870FF5-86FC-43E0-B62C-EB2EB6FB689A}.Debug Rebuild All|Mixed Platforms.Build.0 = Debug Rebuild All|x86
		{32870FF5-86FC-43E0-B62C-EB2EB6FB689A}.Debug Rebuild All|x64.ActiveCfg = Debug Rebuild All|Any CPU
		{32870FF5-86FC-43E0-B62C-EB2EB6FB689A}.Debug Rebuild All|x64.Build.0 = Debug Rebuild All|Any CPU
		{32870FF5-86FC-43E0-B62C-EB2EB6FB689A}.Debug Rebuild All|x86.ActiveCfg = Debug Rebuild All|x86
		{32870FF5-86FC-43E0-B62C-EB2EB6FB689A}.Debug Rebuild All|x86.Build.0 = Debug Rebuild All|x86
		{32870FF5-86FC-43E0-B62C-EB2EB6FB689A}.Debug|Any CPU.ActiveCfg = Debug|Any CPU
		{32870FF5-86FC-43E0-B62C-EB2EB6FB689A}.Debug|Any CPU.Build.0 = Debug|Any CPU
		{32870FF5-86FC-43E0-B62C-EB2EB6FB689A}.Debug|Mixed Platforms.ActiveCfg = Debug|x86
		{32870FF5-86FC-43E0-B62C-EB2EB6FB689A}.Debug|Mixed Platforms.Build.0 = Debug|x86
		{32870FF5-86FC-43E0-B62C-EB2EB6FB689A}.Debug|x64.ActiveCfg = Debug|Any CPU
		{32870FF5-86FC-43E0-B62C-EB2EB6FB689A}.Debug|x64.Build.0 = Debug|Any CPU
		{32870FF5-86FC-43E0-B62C-EB2EB6FB689A}.Debug|x86.ActiveCfg = Debug|x86
		{32870FF5-86FC-43E0-B62C-EB2EB6FB689A}.Debug|x86.Build.0 = Debug|x86
		{32870FF5-86FC-43E0-B62C-EB2EB6FB689A}.Official|Any CPU.ActiveCfg = Debug Rebuild All|Any CPU
		{32870FF5-86FC-43E0-B62C-EB2EB6FB689A}.Official|Any CPU.Build.0 = Debug Rebuild All|Any CPU
		{32870FF5-86FC-43E0-B62C-EB2EB6FB689A}.Official|Mixed Platforms.ActiveCfg = Debug Rebuild All|x86
		{32870FF5-86FC-43E0-B62C-EB2EB6FB689A}.Official|Mixed Platforms.Build.0 = Debug Rebuild All|x86
		{32870FF5-86FC-43E0-B62C-EB2EB6FB689A}.Official|x64.ActiveCfg = Release|Any CPU
		{32870FF5-86FC-43E0-B62C-EB2EB6FB689A}.Official|x64.Build.0 = Release|Any CPU
		{32870FF5-86FC-43E0-B62C-EB2EB6FB689A}.Official|x86.ActiveCfg = Debug Rebuild All|x86
		{32870FF5-86FC-43E0-B62C-EB2EB6FB689A}.Official|x86.Build.0 = Debug Rebuild All|x86
		{32870FF5-86FC-43E0-B62C-EB2EB6FB689A}.Release|Any CPU.ActiveCfg = Release|Any CPU
		{32870FF5-86FC-43E0-B62C-EB2EB6FB689A}.Release|Any CPU.Build.0 = Release|Any CPU
		{32870FF5-86FC-43E0-B62C-EB2EB6FB689A}.Release|Mixed Platforms.ActiveCfg = Release|x86
		{32870FF5-86FC-43E0-B62C-EB2EB6FB689A}.Release|Mixed Platforms.Build.0 = Release|x86
		{32870FF5-86FC-43E0-B62C-EB2EB6FB689A}.Release|x64.ActiveCfg = Release|Any CPU
		{32870FF5-86FC-43E0-B62C-EB2EB6FB689A}.Release|x64.Build.0 = Release|Any CPU
		{32870FF5-86FC-43E0-B62C-EB2EB6FB689A}.Release|x86.ActiveCfg = Release|x86
		{32870FF5-86FC-43E0-B62C-EB2EB6FB689A}.Release|x86.Build.0 = Release|x86
		{8BBB7274-D056-4B72-B9C2-C04122113B6F}.Debug Rebuild All|Any CPU.ActiveCfg = Debug|Any CPU
		{8BBB7274-D056-4B72-B9C2-C04122113B6F}.Debug Rebuild All|Any CPU.Build.0 = Debug|Any CPU
		{8BBB7274-D056-4B72-B9C2-C04122113B6F}.Debug Rebuild All|Mixed Platforms.ActiveCfg = Debug|x86
		{8BBB7274-D056-4B72-B9C2-C04122113B6F}.Debug Rebuild All|Mixed Platforms.Build.0 = Debug|x86
		{8BBB7274-D056-4B72-B9C2-C04122113B6F}.Debug Rebuild All|x64.ActiveCfg = Debug|Any CPU
		{8BBB7274-D056-4B72-B9C2-C04122113B6F}.Debug Rebuild All|x64.Build.0 = Debug|Any CPU
		{8BBB7274-D056-4B72-B9C2-C04122113B6F}.Debug Rebuild All|x86.ActiveCfg = Debug|x86
		{8BBB7274-D056-4B72-B9C2-C04122113B6F}.Debug Rebuild All|x86.Build.0 = Debug|x86
		{8BBB7274-D056-4B72-B9C2-C04122113B6F}.Debug|Any CPU.ActiveCfg = Debug|Any CPU
		{8BBB7274-D056-4B72-B9C2-C04122113B6F}.Debug|Any CPU.Build.0 = Debug|Any CPU
		{8BBB7274-D056-4B72-B9C2-C04122113B6F}.Debug|Mixed Platforms.ActiveCfg = Debug|x86
		{8BBB7274-D056-4B72-B9C2-C04122113B6F}.Debug|Mixed Platforms.Build.0 = Debug|x86
		{8BBB7274-D056-4B72-B9C2-C04122113B6F}.Debug|x64.ActiveCfg = Debug|Any CPU
		{8BBB7274-D056-4B72-B9C2-C04122113B6F}.Debug|x64.Build.0 = Debug|Any CPU
		{8BBB7274-D056-4B72-B9C2-C04122113B6F}.Debug|x86.ActiveCfg = Debug|x86
		{8BBB7274-D056-4B72-B9C2-C04122113B6F}.Debug|x86.Build.0 = Debug|x86
		{8BBB7274-D056-4B72-B9C2-C04122113B6F}.Official|Any CPU.ActiveCfg = Official|Any CPU
		{8BBB7274-D056-4B72-B9C2-C04122113B6F}.Official|Any CPU.Build.0 = Official|Any CPU
		{8BBB7274-D056-4B72-B9C2-C04122113B6F}.Official|Mixed Platforms.ActiveCfg = Official|x86
		{8BBB7274-D056-4B72-B9C2-C04122113B6F}.Official|Mixed Platforms.Build.0 = Official|x86
		{8BBB7274-D056-4B72-B9C2-C04122113B6F}.Official|x64.ActiveCfg = Official|Any CPU
		{8BBB7274-D056-4B72-B9C2-C04122113B6F}.Official|x64.Build.0 = Official|Any CPU
		{8BBB7274-D056-4B72-B9C2-C04122113B6F}.Official|x86.ActiveCfg = Official|x86
		{8BBB7274-D056-4B72-B9C2-C04122113B6F}.Official|x86.Build.0 = Official|x86
		{8BBB7274-D056-4B72-B9C2-C04122113B6F}.Release|Any CPU.ActiveCfg = Release|Any CPU
		{8BBB7274-D056-4B72-B9C2-C04122113B6F}.Release|Any CPU.Build.0 = Release|Any CPU
		{8BBB7274-D056-4B72-B9C2-C04122113B6F}.Release|Mixed Platforms.ActiveCfg = Release|x86
		{8BBB7274-D056-4B72-B9C2-C04122113B6F}.Release|Mixed Platforms.Build.0 = Release|x86
		{8BBB7274-D056-4B72-B9C2-C04122113B6F}.Release|x64.ActiveCfg = Release|Any CPU
		{8BBB7274-D056-4B72-B9C2-C04122113B6F}.Release|x64.Build.0 = Release|Any CPU
		{8BBB7274-D056-4B72-B9C2-C04122113B6F}.Release|x86.ActiveCfg = Release|x86
		{8BBB7274-D056-4B72-B9C2-C04122113B6F}.Release|x86.Build.0 = Release|x86
		{1C16D1FE-96E4-4F37-B462-995FAFAA2B9D}.Debug Rebuild All|Any CPU.ActiveCfg = Debug|Any CPU
		{1C16D1FE-96E4-4F37-B462-995FAFAA2B9D}.Debug Rebuild All|Any CPU.Build.0 = Debug|Any CPU
		{1C16D1FE-96E4-4F37-B462-995FAFAA2B9D}.Debug Rebuild All|Mixed Platforms.ActiveCfg = Debug|Any CPU
		{1C16D1FE-96E4-4F37-B462-995FAFAA2B9D}.Debug Rebuild All|Mixed Platforms.Build.0 = Debug|Any CPU
		{1C16D1FE-96E4-4F37-B462-995FAFAA2B9D}.Debug Rebuild All|x64.ActiveCfg = Debug|Any CPU
		{1C16D1FE-96E4-4F37-B462-995FAFAA2B9D}.Debug Rebuild All|x64.Build.0 = Debug|Any CPU
		{1C16D1FE-96E4-4F37-B462-995FAFAA2B9D}.Debug Rebuild All|x86.ActiveCfg = Debug|Any CPU
		{1C16D1FE-96E4-4F37-B462-995FAFAA2B9D}.Debug Rebuild All|x86.Build.0 = Debug|Any CPU
		{1C16D1FE-96E4-4F37-B462-995FAFAA2B9D}.Debug|Any CPU.ActiveCfg = Debug|Any CPU
		{1C16D1FE-96E4-4F37-B462-995FAFAA2B9D}.Debug|Any CPU.Build.0 = Debug|Any CPU
		{1C16D1FE-96E4-4F37-B462-995FAFAA2B9D}.Debug|Mixed Platforms.ActiveCfg = Debug|x86
		{1C16D1FE-96E4-4F37-B462-995FAFAA2B9D}.Debug|Mixed Platforms.Build.0 = Debug|x86
		{1C16D1FE-96E4-4F37-B462-995FAFAA2B9D}.Debug|x64.ActiveCfg = Debug|Any CPU
		{1C16D1FE-96E4-4F37-B462-995FAFAA2B9D}.Debug|x64.Build.0 = Debug|Any CPU
		{1C16D1FE-96E4-4F37-B462-995FAFAA2B9D}.Debug|x86.ActiveCfg = Debug|Any CPU
		{1C16D1FE-96E4-4F37-B462-995FAFAA2B9D}.Debug|x86.Build.0 = Debug|Any CPU
		{1C16D1FE-96E4-4F37-B462-995FAFAA2B9D}.Official|Any CPU.ActiveCfg = Release|Any CPU
		{1C16D1FE-96E4-4F37-B462-995FAFAA2B9D}.Official|Any CPU.Build.0 = Release|Any CPU
		{1C16D1FE-96E4-4F37-B462-995FAFAA2B9D}.Official|Mixed Platforms.ActiveCfg = Release|Any CPU
		{1C16D1FE-96E4-4F37-B462-995FAFAA2B9D}.Official|Mixed Platforms.Build.0 = Release|Any CPU
		{1C16D1FE-96E4-4F37-B462-995FAFAA2B9D}.Official|x64.ActiveCfg = Release|Any CPU
		{1C16D1FE-96E4-4F37-B462-995FAFAA2B9D}.Official|x64.Build.0 = Release|Any CPU
		{1C16D1FE-96E4-4F37-B462-995FAFAA2B9D}.Official|x86.ActiveCfg = Release|Any CPU
		{1C16D1FE-96E4-4F37-B462-995FAFAA2B9D}.Official|x86.Build.0 = Release|Any CPU
		{1C16D1FE-96E4-4F37-B462-995FAFAA2B9D}.Release|Any CPU.ActiveCfg = Release|Any CPU
		{1C16D1FE-96E4-4F37-B462-995FAFAA2B9D}.Release|Any CPU.Build.0 = Release|Any CPU
		{1C16D1FE-96E4-4F37-B462-995FAFAA2B9D}.Release|Mixed Platforms.ActiveCfg = Release|Any CPU
		{1C16D1FE-96E4-4F37-B462-995FAFAA2B9D}.Release|Mixed Platforms.Build.0 = Release|Any CPU
		{1C16D1FE-96E4-4F37-B462-995FAFAA2B9D}.Release|x64.ActiveCfg = Release|Any CPU
		{1C16D1FE-96E4-4F37-B462-995FAFAA2B9D}.Release|x64.Build.0 = Release|Any CPU
		{1C16D1FE-96E4-4F37-B462-995FAFAA2B9D}.Release|x86.ActiveCfg = Release|Any CPU
		{1C16D1FE-96E4-4F37-B462-995FAFAA2B9D}.Release|x86.Build.0 = Release|Any CPU
		{EC900570-2E1D-44FF-94A0-630AADB30CDE}.Debug Rebuild All|Any CPU.ActiveCfg = Debug|Any CPU
		{EC900570-2E1D-44FF-94A0-630AADB30CDE}.Debug Rebuild All|Any CPU.Build.0 = Debug|Any CPU
		{EC900570-2E1D-44FF-94A0-630AADB30CDE}.Debug Rebuild All|Mixed Platforms.ActiveCfg = Debug|Any CPU
		{EC900570-2E1D-44FF-94A0-630AADB30CDE}.Debug Rebuild All|Mixed Platforms.Build.0 = Debug|Any CPU
		{EC900570-2E1D-44FF-94A0-630AADB30CDE}.Debug Rebuild All|x64.ActiveCfg = Debug|Any CPU
		{EC900570-2E1D-44FF-94A0-630AADB30CDE}.Debug Rebuild All|x64.Build.0 = Debug|Any CPU
		{EC900570-2E1D-44FF-94A0-630AADB30CDE}.Debug Rebuild All|x86.ActiveCfg = Debug|Any CPU
		{EC900570-2E1D-44FF-94A0-630AADB30CDE}.Debug Rebuild All|x86.Build.0 = Debug|Any CPU
		{EC900570-2E1D-44FF-94A0-630AADB30CDE}.Debug|Any CPU.ActiveCfg = Debug|Any CPU
		{EC900570-2E1D-44FF-94A0-630AADB30CDE}.Debug|Any CPU.Build.0 = Debug|Any CPU
		{EC900570-2E1D-44FF-94A0-630AADB30CDE}.Debug|Mixed Platforms.ActiveCfg = Debug|Any CPU
		{EC900570-2E1D-44FF-94A0-630AADB30CDE}.Debug|Mixed Platforms.Build.0 = Debug|Any CPU
		{EC900570-2E1D-44FF-94A0-630AADB30CDE}.Debug|x64.ActiveCfg = Debug|Any CPU
		{EC900570-2E1D-44FF-94A0-630AADB30CDE}.Debug|x64.Build.0 = Debug|Any CPU
		{EC900570-2E1D-44FF-94A0-630AADB30CDE}.Debug|x86.ActiveCfg = Debug|x86
		{EC900570-2E1D-44FF-94A0-630AADB30CDE}.Debug|x86.Build.0 = Debug|x86
		{EC900570-2E1D-44FF-94A0-630AADB30CDE}.Official|Any CPU.ActiveCfg = Release|Any CPU
		{EC900570-2E1D-44FF-94A0-630AADB30CDE}.Official|Any CPU.Build.0 = Release|Any CPU
		{EC900570-2E1D-44FF-94A0-630AADB30CDE}.Official|Mixed Platforms.ActiveCfg = Release|Any CPU
		{EC900570-2E1D-44FF-94A0-630AADB30CDE}.Official|Mixed Platforms.Build.0 = Release|Any CPU
		{EC900570-2E1D-44FF-94A0-630AADB30CDE}.Official|x64.ActiveCfg = Release|Any CPU
		{EC900570-2E1D-44FF-94A0-630AADB30CDE}.Official|x64.Build.0 = Release|Any CPU
		{EC900570-2E1D-44FF-94A0-630AADB30CDE}.Official|x86.ActiveCfg = Release|Any CPU
		{EC900570-2E1D-44FF-94A0-630AADB30CDE}.Official|x86.Build.0 = Release|Any CPU
		{EC900570-2E1D-44FF-94A0-630AADB30CDE}.Release|Any CPU.ActiveCfg = Release|Any CPU
		{EC900570-2E1D-44FF-94A0-630AADB30CDE}.Release|Any CPU.Build.0 = Release|Any CPU
		{EC900570-2E1D-44FF-94A0-630AADB30CDE}.Release|Mixed Platforms.ActiveCfg = Release|Any CPU
		{EC900570-2E1D-44FF-94A0-630AADB30CDE}.Release|Mixed Platforms.Build.0 = Release|Any CPU
		{EC900570-2E1D-44FF-94A0-630AADB30CDE}.Release|x64.ActiveCfg = Release|Any CPU
		{EC900570-2E1D-44FF-94A0-630AADB30CDE}.Release|x64.Build.0 = Release|Any CPU
		{EC900570-2E1D-44FF-94A0-630AADB30CDE}.Release|x86.ActiveCfg = Release|Any CPU
		{EC900570-2E1D-44FF-94A0-630AADB30CDE}.Release|x86.Build.0 = Release|Any CPU
		{7D73BE3E-411F-48CC-9F1E-F6C0DC3094D9}.Debug Rebuild All|Any CPU.ActiveCfg = Debug|Any CPU
		{7D73BE3E-411F-48CC-9F1E-F6C0DC3094D9}.Debug Rebuild All|Any CPU.Build.0 = Debug|Any CPU
		{7D73BE3E-411F-48CC-9F1E-F6C0DC3094D9}.Debug Rebuild All|Mixed Platforms.ActiveCfg = Debug|Any CPU
		{7D73BE3E-411F-48CC-9F1E-F6C0DC3094D9}.Debug Rebuild All|Mixed Platforms.Build.0 = Debug|Any CPU
		{7D73BE3E-411F-48CC-9F1E-F6C0DC3094D9}.Debug Rebuild All|x64.ActiveCfg = Debug|Any CPU
		{7D73BE3E-411F-48CC-9F1E-F6C0DC3094D9}.Debug Rebuild All|x64.Build.0 = Debug|Any CPU
		{7D73BE3E-411F-48CC-9F1E-F6C0DC3094D9}.Debug Rebuild All|x86.ActiveCfg = Debug|Any CPU
		{7D73BE3E-411F-48CC-9F1E-F6C0DC3094D9}.Debug Rebuild All|x86.Build.0 = Debug|Any CPU
		{7D73BE3E-411F-48CC-9F1E-F6C0DC3094D9}.Debug|Any CPU.ActiveCfg = Debug|Any CPU
		{7D73BE3E-411F-48CC-9F1E-F6C0DC3094D9}.Debug|Any CPU.Build.0 = Debug|Any CPU
		{7D73BE3E-411F-48CC-9F1E-F6C0DC3094D9}.Debug|Mixed Platforms.ActiveCfg = Debug|Any CPU
		{7D73BE3E-411F-48CC-9F1E-F6C0DC3094D9}.Debug|Mixed Platforms.Build.0 = Debug|Any CPU
		{7D73BE3E-411F-48CC-9F1E-F6C0DC3094D9}.Debug|x64.ActiveCfg = Debug|Any CPU
		{7D73BE3E-411F-48CC-9F1E-F6C0DC3094D9}.Debug|x64.Build.0 = Debug|Any CPU
		{7D73BE3E-411F-48CC-9F1E-F6C0DC3094D9}.Debug|x86.ActiveCfg = Debug|Any CPU
		{7D73BE3E-411F-48CC-9F1E-F6C0DC3094D9}.Debug|x86.Build.0 = Debug|Any CPU
		{7D73BE3E-411F-48CC-9F1E-F6C0DC3094D9}.Official|Any CPU.ActiveCfg = Release|Any CPU
		{7D73BE3E-411F-48CC-9F1E-F6C0DC3094D9}.Official|Any CPU.Build.0 = Release|Any CPU
		{7D73BE3E-411F-48CC-9F1E-F6C0DC3094D9}.Official|Mixed Platforms.ActiveCfg = Release|Any CPU
		{7D73BE3E-411F-48CC-9F1E-F6C0DC3094D9}.Official|Mixed Platforms.Build.0 = Release|Any CPU
		{7D73BE3E-411F-48CC-9F1E-F6C0DC3094D9}.Official|x64.ActiveCfg = Release|Any CPU
		{7D73BE3E-411F-48CC-9F1E-F6C0DC3094D9}.Official|x64.Build.0 = Release|Any CPU
		{7D73BE3E-411F-48CC-9F1E-F6C0DC3094D9}.Official|x86.ActiveCfg = Release|Any CPU
		{7D73BE3E-411F-48CC-9F1E-F6C0DC3094D9}.Official|x86.Build.0 = Release|Any CPU
		{7D73BE3E-411F-48CC-9F1E-F6C0DC3094D9}.Release|Any CPU.ActiveCfg = Release|Any CPU
		{7D73BE3E-411F-48CC-9F1E-F6C0DC3094D9}.Release|Any CPU.Build.0 = Release|Any CPU
		{7D73BE3E-411F-48CC-9F1E-F6C0DC3094D9}.Release|Mixed Platforms.ActiveCfg = Release|Any CPU
		{7D73BE3E-411F-48CC-9F1E-F6C0DC3094D9}.Release|Mixed Platforms.Build.0 = Release|Any CPU
		{7D73BE3E-411F-48CC-9F1E-F6C0DC3094D9}.Release|x64.ActiveCfg = Release|Any CPU
		{7D73BE3E-411F-48CC-9F1E-F6C0DC3094D9}.Release|x64.Build.0 = Release|Any CPU
		{7D73BE3E-411F-48CC-9F1E-F6C0DC3094D9}.Release|x86.ActiveCfg = Release|Any CPU
		{7D73BE3E-411F-48CC-9F1E-F6C0DC3094D9}.Release|x86.Build.0 = Release|Any CPU
		{47EF0025-D6A9-4AA8-9FAE-E99ED47D5F85}.Debug Rebuild All|Any CPU.ActiveCfg = Debug|Any CPU
		{47EF0025-D6A9-4AA8-9FAE-E99ED47D5F85}.Debug Rebuild All|Any CPU.Build.0 = Debug|Any CPU
		{47EF0025-D6A9-4AA8-9FAE-E99ED47D5F85}.Debug Rebuild All|Mixed Platforms.ActiveCfg = Debug|x86
		{47EF0025-D6A9-4AA8-9FAE-E99ED47D5F85}.Debug Rebuild All|Mixed Platforms.Build.0 = Debug|x86
		{47EF0025-D6A9-4AA8-9FAE-E99ED47D5F85}.Debug Rebuild All|x64.ActiveCfg = Debug|Any CPU
		{47EF0025-D6A9-4AA8-9FAE-E99ED47D5F85}.Debug Rebuild All|x64.Build.0 = Debug|Any CPU
		{47EF0025-D6A9-4AA8-9FAE-E99ED47D5F85}.Debug Rebuild All|x86.ActiveCfg = Debug|x86
		{47EF0025-D6A9-4AA8-9FAE-E99ED47D5F85}.Debug Rebuild All|x86.Build.0 = Debug|x86
		{47EF0025-D6A9-4AA8-9FAE-E99ED47D5F85}.Debug|Any CPU.ActiveCfg = Debug|Any CPU
		{47EF0025-D6A9-4AA8-9FAE-E99ED47D5F85}.Debug|Any CPU.Build.0 = Debug|Any CPU
		{47EF0025-D6A9-4AA8-9FAE-E99ED47D5F85}.Debug|Mixed Platforms.ActiveCfg = Debug|x86
		{47EF0025-D6A9-4AA8-9FAE-E99ED47D5F85}.Debug|Mixed Platforms.Build.0 = Debug|x86
		{47EF0025-D6A9-4AA8-9FAE-E99ED47D5F85}.Debug|x64.ActiveCfg = Debug|Any CPU
		{47EF0025-D6A9-4AA8-9FAE-E99ED47D5F85}.Debug|x64.Build.0 = Debug|Any CPU
		{47EF0025-D6A9-4AA8-9FAE-E99ED47D5F85}.Debug|x86.ActiveCfg = Debug|x86
		{47EF0025-D6A9-4AA8-9FAE-E99ED47D5F85}.Debug|x86.Build.0 = Debug|x86
		{47EF0025-D6A9-4AA8-9FAE-E99ED47D5F85}.Official|Any CPU.ActiveCfg = Release|Any CPU
		{47EF0025-D6A9-4AA8-9FAE-E99ED47D5F85}.Official|Any CPU.Build.0 = Release|Any CPU
		{47EF0025-D6A9-4AA8-9FAE-E99ED47D5F85}.Official|Mixed Platforms.ActiveCfg = Release|x86
		{47EF0025-D6A9-4AA8-9FAE-E99ED47D5F85}.Official|Mixed Platforms.Build.0 = Release|x86
		{47EF0025-D6A9-4AA8-9FAE-E99ED47D5F85}.Official|x64.ActiveCfg = Release|Any CPU
		{47EF0025-D6A9-4AA8-9FAE-E99ED47D5F85}.Official|x64.Build.0 = Release|Any CPU
		{47EF0025-D6A9-4AA8-9FAE-E99ED47D5F85}.Official|x86.ActiveCfg = Release|x86
		{47EF0025-D6A9-4AA8-9FAE-E99ED47D5F85}.Official|x86.Build.0 = Release|x86
		{47EF0025-D6A9-4AA8-9FAE-E99ED47D5F85}.Release|Any CPU.ActiveCfg = Release|Any CPU
		{47EF0025-D6A9-4AA8-9FAE-E99ED47D5F85}.Release|Any CPU.Build.0 = Release|Any CPU
		{47EF0025-D6A9-4AA8-9FAE-E99ED47D5F85}.Release|Mixed Platforms.ActiveCfg = Release|x86
		{47EF0025-D6A9-4AA8-9FAE-E99ED47D5F85}.Release|Mixed Platforms.Build.0 = Release|x86
		{47EF0025-D6A9-4AA8-9FAE-E99ED47D5F85}.Release|x64.ActiveCfg = Release|Any CPU
		{47EF0025-D6A9-4AA8-9FAE-E99ED47D5F85}.Release|x64.Build.0 = Release|Any CPU
		{47EF0025-D6A9-4AA8-9FAE-E99ED47D5F85}.Release|x86.ActiveCfg = Release|x86
		{47EF0025-D6A9-4AA8-9FAE-E99ED47D5F85}.Release|x86.Build.0 = Release|x86
		{5BE4E505-6F53-4495-8633-5C7F70D35282}.Debug Rebuild All|Any CPU.ActiveCfg = Debug|Any CPU
		{5BE4E505-6F53-4495-8633-5C7F70D35282}.Debug Rebuild All|Any CPU.Build.0 = Debug|Any CPU
		{5BE4E505-6F53-4495-8633-5C7F70D35282}.Debug Rebuild All|Mixed Platforms.ActiveCfg = Debug|Any CPU
		{5BE4E505-6F53-4495-8633-5C7F70D35282}.Debug Rebuild All|Mixed Platforms.Build.0 = Debug|Any CPU
		{5BE4E505-6F53-4495-8633-5C7F70D35282}.Debug Rebuild All|x64.ActiveCfg = Debug|Any CPU
		{5BE4E505-6F53-4495-8633-5C7F70D35282}.Debug Rebuild All|x64.Build.0 = Debug|Any CPU
		{5BE4E505-6F53-4495-8633-5C7F70D35282}.Debug Rebuild All|x86.ActiveCfg = Debug|Any CPU
		{5BE4E505-6F53-4495-8633-5C7F70D35282}.Debug Rebuild All|x86.Build.0 = Debug|Any CPU
		{5BE4E505-6F53-4495-8633-5C7F70D35282}.Debug|Any CPU.ActiveCfg = Debug|Any CPU
		{5BE4E505-6F53-4495-8633-5C7F70D35282}.Debug|Any CPU.Build.0 = Debug|Any CPU
		{5BE4E505-6F53-4495-8633-5C7F70D35282}.Debug|Mixed Platforms.ActiveCfg = Debug|Any CPU
		{5BE4E505-6F53-4495-8633-5C7F70D35282}.Debug|Mixed Platforms.Build.0 = Debug|Any CPU
		{5BE4E505-6F53-4495-8633-5C7F70D35282}.Debug|x64.ActiveCfg = Debug|Any CPU
		{5BE4E505-6F53-4495-8633-5C7F70D35282}.Debug|x64.Build.0 = Debug|Any CPU
		{5BE4E505-6F53-4495-8633-5C7F70D35282}.Debug|x86.ActiveCfg = Debug|Any CPU
		{5BE4E505-6F53-4495-8633-5C7F70D35282}.Debug|x86.Build.0 = Debug|Any CPU
		{5BE4E505-6F53-4495-8633-5C7F70D35282}.Official|Any CPU.ActiveCfg = Release|Any CPU
		{5BE4E505-6F53-4495-8633-5C7F70D35282}.Official|Any CPU.Build.0 = Release|Any CPU
		{5BE4E505-6F53-4495-8633-5C7F70D35282}.Official|Mixed Platforms.ActiveCfg = Release|Any CPU
		{5BE4E505-6F53-4495-8633-5C7F70D35282}.Official|Mixed Platforms.Build.0 = Release|Any CPU
		{5BE4E505-6F53-4495-8633-5C7F70D35282}.Official|x64.ActiveCfg = Release|Any CPU
		{5BE4E505-6F53-4495-8633-5C7F70D35282}.Official|x64.Build.0 = Release|Any CPU
		{5BE4E505-6F53-4495-8633-5C7F70D35282}.Official|x86.ActiveCfg = Release|Any CPU
		{5BE4E505-6F53-4495-8633-5C7F70D35282}.Official|x86.Build.0 = Release|Any CPU
		{5BE4E505-6F53-4495-8633-5C7F70D35282}.Release|Any CPU.ActiveCfg = Release|Any CPU
		{5BE4E505-6F53-4495-8633-5C7F70D35282}.Release|Any CPU.Build.0 = Release|Any CPU
		{5BE4E505-6F53-4495-8633-5C7F70D35282}.Release|Mixed Platforms.ActiveCfg = Release|Any CPU
		{5BE4E505-6F53-4495-8633-5C7F70D35282}.Release|Mixed Platforms.Build.0 = Release|Any CPU
		{5BE4E505-6F53-4495-8633-5C7F70D35282}.Release|x64.ActiveCfg = Release|Any CPU
		{5BE4E505-6F53-4495-8633-5C7F70D35282}.Release|x64.Build.0 = Release|Any CPU
		{5BE4E505-6F53-4495-8633-5C7F70D35282}.Release|x86.ActiveCfg = Release|Any CPU
		{5BE4E505-6F53-4495-8633-5C7F70D35282}.Release|x86.Build.0 = Release|Any CPU
		{6E5A710D-D31A-4A3E-BB3B-E4212921261A}.Debug Rebuild All|Any CPU.ActiveCfg = Debug|Any CPU
		{6E5A710D-D31A-4A3E-BB3B-E4212921261A}.Debug Rebuild All|Any CPU.Build.0 = Debug|Any CPU
		{6E5A710D-D31A-4A3E-BB3B-E4212921261A}.Debug Rebuild All|Mixed Platforms.ActiveCfg = Debug|x86
		{6E5A710D-D31A-4A3E-BB3B-E4212921261A}.Debug Rebuild All|Mixed Platforms.Build.0 = Debug|x86
		{6E5A710D-D31A-4A3E-BB3B-E4212921261A}.Debug Rebuild All|x64.ActiveCfg = Debug|Any CPU
		{6E5A710D-D31A-4A3E-BB3B-E4212921261A}.Debug Rebuild All|x64.Build.0 = Debug|Any CPU
		{6E5A710D-D31A-4A3E-BB3B-E4212921261A}.Debug Rebuild All|x86.ActiveCfg = Debug|x86
		{6E5A710D-D31A-4A3E-BB3B-E4212921261A}.Debug Rebuild All|x86.Build.0 = Debug|x86
		{6E5A710D-D31A-4A3E-BB3B-E4212921261A}.Debug|Any CPU.ActiveCfg = Debug|Any CPU
		{6E5A710D-D31A-4A3E-BB3B-E4212921261A}.Debug|Any CPU.Build.0 = Debug|Any CPU
		{6E5A710D-D31A-4A3E-BB3B-E4212921261A}.Debug|Mixed Platforms.ActiveCfg = Debug|x86
		{6E5A710D-D31A-4A3E-BB3B-E4212921261A}.Debug|Mixed Platforms.Build.0 = Debug|x86
		{6E5A710D-D31A-4A3E-BB3B-E4212921261A}.Debug|x64.ActiveCfg = Debug|Any CPU
		{6E5A710D-D31A-4A3E-BB3B-E4212921261A}.Debug|x64.Build.0 = Debug|Any CPU
		{6E5A710D-D31A-4A3E-BB3B-E4212921261A}.Debug|x86.ActiveCfg = Debug|x86
		{6E5A710D-D31A-4A3E-BB3B-E4212921261A}.Debug|x86.Build.0 = Debug|x86
		{6E5A710D-D31A-4A3E-BB3B-E4212921261A}.Official|Any CPU.ActiveCfg = Release|Any CPU
		{6E5A710D-D31A-4A3E-BB3B-E4212921261A}.Official|Any CPU.Build.0 = Release|Any CPU
		{6E5A710D-D31A-4A3E-BB3B-E4212921261A}.Official|Mixed Platforms.ActiveCfg = Release|x86
		{6E5A710D-D31A-4A3E-BB3B-E4212921261A}.Official|Mixed Platforms.Build.0 = Release|x86
		{6E5A710D-D31A-4A3E-BB3B-E4212921261A}.Official|x64.ActiveCfg = Release|Any CPU
		{6E5A710D-D31A-4A3E-BB3B-E4212921261A}.Official|x64.Build.0 = Release|Any CPU
		{6E5A710D-D31A-4A3E-BB3B-E4212921261A}.Official|x86.ActiveCfg = Release|x86
		{6E5A710D-D31A-4A3E-BB3B-E4212921261A}.Official|x86.Build.0 = Release|x86
		{6E5A710D-D31A-4A3E-BB3B-E4212921261A}.Release|Any CPU.ActiveCfg = Release|Any CPU
		{6E5A710D-D31A-4A3E-BB3B-E4212921261A}.Release|Any CPU.Build.0 = Release|Any CPU
		{6E5A710D-D31A-4A3E-BB3B-E4212921261A}.Release|Mixed Platforms.ActiveCfg = Release|x86
		{6E5A710D-D31A-4A3E-BB3B-E4212921261A}.Release|Mixed Platforms.Build.0 = Release|x86
		{6E5A710D-D31A-4A3E-BB3B-E4212921261A}.Release|x64.ActiveCfg = Release|Any CPU
		{6E5A710D-D31A-4A3E-BB3B-E4212921261A}.Release|x64.Build.0 = Release|Any CPU
		{6E5A710D-D31A-4A3E-BB3B-E4212921261A}.Release|x86.ActiveCfg = Release|x86
		{6E5A710D-D31A-4A3E-BB3B-E4212921261A}.Release|x86.Build.0 = Release|x86
		{F8FEFCA4-B843-4CBC-BEF4-D182E259B3AD}.Debug Rebuild All|Any CPU.ActiveCfg = Debug|Any CPU
		{F8FEFCA4-B843-4CBC-BEF4-D182E259B3AD}.Debug Rebuild All|Any CPU.Build.0 = Debug|Any CPU
		{F8FEFCA4-B843-4CBC-BEF4-D182E259B3AD}.Debug Rebuild All|Mixed Platforms.ActiveCfg = Debug|x86
		{F8FEFCA4-B843-4CBC-BEF4-D182E259B3AD}.Debug Rebuild All|Mixed Platforms.Build.0 = Debug|x86
		{F8FEFCA4-B843-4CBC-BEF4-D182E259B3AD}.Debug Rebuild All|x64.ActiveCfg = Debug|Any CPU
		{F8FEFCA4-B843-4CBC-BEF4-D182E259B3AD}.Debug Rebuild All|x64.Build.0 = Debug|Any CPU
		{F8FEFCA4-B843-4CBC-BEF4-D182E259B3AD}.Debug Rebuild All|x86.ActiveCfg = Debug|x86
		{F8FEFCA4-B843-4CBC-BEF4-D182E259B3AD}.Debug Rebuild All|x86.Build.0 = Debug|x86
		{F8FEFCA4-B843-4CBC-BEF4-D182E259B3AD}.Debug|Any CPU.ActiveCfg = Debug|Any CPU
		{F8FEFCA4-B843-4CBC-BEF4-D182E259B3AD}.Debug|Any CPU.Build.0 = Debug|Any CPU
		{F8FEFCA4-B843-4CBC-BEF4-D182E259B3AD}.Debug|Mixed Platforms.ActiveCfg = Debug|x86
		{F8FEFCA4-B843-4CBC-BEF4-D182E259B3AD}.Debug|Mixed Platforms.Build.0 = Debug|x86
		{F8FEFCA4-B843-4CBC-BEF4-D182E259B3AD}.Debug|x64.ActiveCfg = Debug|Any CPU
		{F8FEFCA4-B843-4CBC-BEF4-D182E259B3AD}.Debug|x64.Build.0 = Debug|Any CPU
		{F8FEFCA4-B843-4CBC-BEF4-D182E259B3AD}.Debug|x86.ActiveCfg = Debug|x86
		{F8FEFCA4-B843-4CBC-BEF4-D182E259B3AD}.Debug|x86.Build.0 = Debug|x86
		{F8FEFCA4-B843-4CBC-BEF4-D182E259B3AD}.Official|Any CPU.ActiveCfg = Release|Any CPU
		{F8FEFCA4-B843-4CBC-BEF4-D182E259B3AD}.Official|Any CPU.Build.0 = Release|Any CPU
		{F8FEFCA4-B843-4CBC-BEF4-D182E259B3AD}.Official|Mixed Platforms.ActiveCfg = Release|x86
		{F8FEFCA4-B843-4CBC-BEF4-D182E259B3AD}.Official|Mixed Platforms.Build.0 = Release|x86
		{F8FEFCA4-B843-4CBC-BEF4-D182E259B3AD}.Official|x64.ActiveCfg = Release|Any CPU
		{F8FEFCA4-B843-4CBC-BEF4-D182E259B3AD}.Official|x64.Build.0 = Release|Any CPU
		{F8FEFCA4-B843-4CBC-BEF4-D182E259B3AD}.Official|x86.ActiveCfg = Release|x86
		{F8FEFCA4-B843-4CBC-BEF4-D182E259B3AD}.Official|x86.Build.0 = Release|x86
		{F8FEFCA4-B843-4CBC-BEF4-D182E259B3AD}.Release|Any CPU.ActiveCfg = Release|Any CPU
		{F8FEFCA4-B843-4CBC-BEF4-D182E259B3AD}.Release|Any CPU.Build.0 = Release|Any CPU
		{F8FEFCA4-B843-4CBC-BEF4-D182E259B3AD}.Release|Mixed Platforms.ActiveCfg = Release|x86
		{F8FEFCA4-B843-4CBC-BEF4-D182E259B3AD}.Release|Mixed Platforms.Build.0 = Release|x86
		{F8FEFCA4-B843-4CBC-BEF4-D182E259B3AD}.Release|x64.ActiveCfg = Release|Any CPU
		{F8FEFCA4-B843-4CBC-BEF4-D182E259B3AD}.Release|x64.Build.0 = Release|Any CPU
		{F8FEFCA4-B843-4CBC-BEF4-D182E259B3AD}.Release|x86.ActiveCfg = Release|x86
		{F8FEFCA4-B843-4CBC-BEF4-D182E259B3AD}.Release|x86.Build.0 = Release|x86
		{6620E4BB-47BD-419C-BC6B-F877EEA41B55}.Debug Rebuild All|Any CPU.ActiveCfg = Debug|Any CPU
		{6620E4BB-47BD-419C-BC6B-F877EEA41B55}.Debug Rebuild All|Any CPU.Build.0 = Debug|Any CPU
		{6620E4BB-47BD-419C-BC6B-F877EEA41B55}.Debug Rebuild All|Mixed Platforms.ActiveCfg = Debug|Any CPU
		{6620E4BB-47BD-419C-BC6B-F877EEA41B55}.Debug Rebuild All|Mixed Platforms.Build.0 = Debug|Any CPU
		{6620E4BB-47BD-419C-BC6B-F877EEA41B55}.Debug Rebuild All|x64.ActiveCfg = Debug|Any CPU
		{6620E4BB-47BD-419C-BC6B-F877EEA41B55}.Debug Rebuild All|x64.Build.0 = Debug|Any CPU
		{6620E4BB-47BD-419C-BC6B-F877EEA41B55}.Debug Rebuild All|x86.ActiveCfg = Debug|Any CPU
		{6620E4BB-47BD-419C-BC6B-F877EEA41B55}.Debug Rebuild All|x86.Build.0 = Debug|Any CPU
		{6620E4BB-47BD-419C-BC6B-F877EEA41B55}.Debug|Any CPU.ActiveCfg = Debug|Any CPU
		{6620E4BB-47BD-419C-BC6B-F877EEA41B55}.Debug|Any CPU.Build.0 = Debug|Any CPU
		{6620E4BB-47BD-419C-BC6B-F877EEA41B55}.Debug|Mixed Platforms.ActiveCfg = Debug|Any CPU
		{6620E4BB-47BD-419C-BC6B-F877EEA41B55}.Debug|Mixed Platforms.Build.0 = Debug|Any CPU
		{6620E4BB-47BD-419C-BC6B-F877EEA41B55}.Debug|x64.ActiveCfg = Debug|Any CPU
		{6620E4BB-47BD-419C-BC6B-F877EEA41B55}.Debug|x64.Build.0 = Debug|Any CPU
		{6620E4BB-47BD-419C-BC6B-F877EEA41B55}.Debug|x86.ActiveCfg = Debug|Any CPU
		{6620E4BB-47BD-419C-BC6B-F877EEA41B55}.Debug|x86.Build.0 = Debug|Any CPU
		{6620E4BB-47BD-419C-BC6B-F877EEA41B55}.Official|Any CPU.ActiveCfg = Release|Any CPU
		{6620E4BB-47BD-419C-BC6B-F877EEA41B55}.Official|Any CPU.Build.0 = Release|Any CPU
		{6620E4BB-47BD-419C-BC6B-F877EEA41B55}.Official|Mixed Platforms.ActiveCfg = Release|Any CPU
		{6620E4BB-47BD-419C-BC6B-F877EEA41B55}.Official|Mixed Platforms.Build.0 = Release|Any CPU
		{6620E4BB-47BD-419C-BC6B-F877EEA41B55}.Official|x64.ActiveCfg = Release|Any CPU
		{6620E4BB-47BD-419C-BC6B-F877EEA41B55}.Official|x64.Build.0 = Release|Any CPU
		{6620E4BB-47BD-419C-BC6B-F877EEA41B55}.Official|x86.ActiveCfg = Release|Any CPU
		{6620E4BB-47BD-419C-BC6B-F877EEA41B55}.Official|x86.Build.0 = Release|Any CPU
		{6620E4BB-47BD-419C-BC6B-F877EEA41B55}.Release|Any CPU.ActiveCfg = Release|Any CPU
		{6620E4BB-47BD-419C-BC6B-F877EEA41B55}.Release|Any CPU.Build.0 = Release|Any CPU
		{6620E4BB-47BD-419C-BC6B-F877EEA41B55}.Release|Mixed Platforms.ActiveCfg = Release|Any CPU
		{6620E4BB-47BD-419C-BC6B-F877EEA41B55}.Release|Mixed Platforms.Build.0 = Release|Any CPU
		{6620E4BB-47BD-419C-BC6B-F877EEA41B55}.Release|x64.ActiveCfg = Release|Any CPU
		{6620E4BB-47BD-419C-BC6B-F877EEA41B55}.Release|x64.Build.0 = Release|Any CPU
		{6620E4BB-47BD-419C-BC6B-F877EEA41B55}.Release|x86.ActiveCfg = Release|Any CPU
		{6620E4BB-47BD-419C-BC6B-F877EEA41B55}.Release|x86.Build.0 = Release|Any CPU
		{203D17B0-F97C-4C9B-B406-CAE30DAD3241}.Debug Rebuild All|Any CPU.ActiveCfg = Debug|Any CPU
		{203D17B0-F97C-4C9B-B406-CAE30DAD3241}.Debug Rebuild All|Any CPU.Build.0 = Debug|Any CPU
		{203D17B0-F97C-4C9B-B406-CAE30DAD3241}.Debug Rebuild All|Mixed Platforms.ActiveCfg = Debug|x86
		{203D17B0-F97C-4C9B-B406-CAE30DAD3241}.Debug Rebuild All|Mixed Platforms.Build.0 = Debug|x86
		{203D17B0-F97C-4C9B-B406-CAE30DAD3241}.Debug Rebuild All|x64.ActiveCfg = Debug|Any CPU
		{203D17B0-F97C-4C9B-B406-CAE30DAD3241}.Debug Rebuild All|x64.Build.0 = Debug|Any CPU
		{203D17B0-F97C-4C9B-B406-CAE30DAD3241}.Debug Rebuild All|x86.ActiveCfg = Debug|x86
		{203D17B0-F97C-4C9B-B406-CAE30DAD3241}.Debug Rebuild All|x86.Build.0 = Debug|x86
		{203D17B0-F97C-4C9B-B406-CAE30DAD3241}.Debug|Any CPU.ActiveCfg = Debug|Any CPU
		{203D17B0-F97C-4C9B-B406-CAE30DAD3241}.Debug|Any CPU.Build.0 = Debug|Any CPU
		{203D17B0-F97C-4C9B-B406-CAE30DAD3241}.Debug|Mixed Platforms.ActiveCfg = Debug|x86
		{203D17B0-F97C-4C9B-B406-CAE30DAD3241}.Debug|Mixed Platforms.Build.0 = Debug|x86
		{203D17B0-F97C-4C9B-B406-CAE30DAD3241}.Debug|x64.ActiveCfg = Debug|Any CPU
		{203D17B0-F97C-4C9B-B406-CAE30DAD3241}.Debug|x64.Build.0 = Debug|Any CPU
		{203D17B0-F97C-4C9B-B406-CAE30DAD3241}.Debug|x86.ActiveCfg = Debug|x86
		{203D17B0-F97C-4C9B-B406-CAE30DAD3241}.Debug|x86.Build.0 = Debug|x86
		{203D17B0-F97C-4C9B-B406-CAE30DAD3241}.Official|Any CPU.ActiveCfg = Release|Any CPU
		{203D17B0-F97C-4C9B-B406-CAE30DAD3241}.Official|Any CPU.Build.0 = Release|Any CPU
		{203D17B0-F97C-4C9B-B406-CAE30DAD3241}.Official|Mixed Platforms.ActiveCfg = Release|x86
		{203D17B0-F97C-4C9B-B406-CAE30DAD3241}.Official|Mixed Platforms.Build.0 = Release|x86
		{203D17B0-F97C-4C9B-B406-CAE30DAD3241}.Official|x64.ActiveCfg = Release|Any CPU
		{203D17B0-F97C-4C9B-B406-CAE30DAD3241}.Official|x64.Build.0 = Release|Any CPU
		{203D17B0-F97C-4C9B-B406-CAE30DAD3241}.Official|x86.ActiveCfg = Release|x86
		{203D17B0-F97C-4C9B-B406-CAE30DAD3241}.Official|x86.Build.0 = Release|x86
		{203D17B0-F97C-4C9B-B406-CAE30DAD3241}.Release|Any CPU.ActiveCfg = Release|Any CPU
		{203D17B0-F97C-4C9B-B406-CAE30DAD3241}.Release|Any CPU.Build.0 = Release|Any CPU
		{203D17B0-F97C-4C9B-B406-CAE30DAD3241}.Release|Mixed Platforms.ActiveCfg = Release|x86
		{203D17B0-F97C-4C9B-B406-CAE30DAD3241}.Release|Mixed Platforms.Build.0 = Release|x86
		{203D17B0-F97C-4C9B-B406-CAE30DAD3241}.Release|x64.ActiveCfg = Release|Any CPU
		{203D17B0-F97C-4C9B-B406-CAE30DAD3241}.Release|x64.Build.0 = Release|Any CPU
		{203D17B0-F97C-4C9B-B406-CAE30DAD3241}.Release|x86.ActiveCfg = Release|x86
		{203D17B0-F97C-4C9B-B406-CAE30DAD3241}.Release|x86.Build.0 = Release|x86
	EndGlobalSection
	GlobalSection(SolutionProperties) = preSolution
		HideSolutionNode = FALSE
	EndGlobalSection
	GlobalSection(NestedProjects) = preSolution
		{323061CF-315F-47DC-85D7-8ADC320105AA} = {F64A3890-6389-4A82-884B-2A2A72C0BF46}
		{6E5FAA19-0FE1-4075-B6D2-147DE76830CC} = {F64A3890-6389-4A82-884B-2A2A72C0BF46}
		{2EA7B7AA-B74F-462A-BA86-65A6569648C1} = {1B970284-FF7D-4526-99DB-45C63F3D8CD6}
		{A67635BA-89F2-4C7C-A864-F72CD85B43A2} = {1B970284-FF7D-4526-99DB-45C63F3D8CD6}
		{D3396EA4-E535-45AA-82C3-618DEA7E3DCD} = {1B970284-FF7D-4526-99DB-45C63F3D8CD6}
		{EC0203FD-D464-4BA0-A088-B87C31139F47} = {1B970284-FF7D-4526-99DB-45C63F3D8CD6}
		{6BBEFB30-18E1-4E1E-BB86-52DF2B7D5642} = {F64A3890-6389-4A82-884B-2A2A72C0BF46}
		{4921B4B1-FBEA-4C6B-87A6-E9481E3BEBD1} = {F64A3890-6389-4A82-884B-2A2A72C0BF46}
		{A8EBD84D-E153-400D-9430-A056F432A8DB} = {1B970284-FF7D-4526-99DB-45C63F3D8CD6}
		{7A78E6DD-7372-465F-AFE2-AEA5A9F35EA1} = {1B970284-FF7D-4526-99DB-45C63F3D8CD6}
		{6E5DCBA5-7804-42E2-B7AE-EC0F718621C9} = {9A01801E-49FB-4899-810B-DB8916284114}
		{D4397193-C9DB-4A7F-A047-98D40AC12647} = {9A01801E-49FB-4899-810B-DB8916284114}
		{F8FBA54E-48E4-4803-8379-EE8159661126} = {9A01801E-49FB-4899-810B-DB8916284114}
		{CB282DAC-9D0F-49D5-9239-18B692A36533} = {9A01801E-49FB-4899-810B-DB8916284114}
		{11B976D5-A936-4456-BCAA-93C179B21E9F} = {9A01801E-49FB-4899-810B-DB8916284114}
		{6720570F-53FE-4A28-A496-E04B2DC0C335} = {9A01801E-49FB-4899-810B-DB8916284114}
		{32870FF5-86FC-43E0-B62C-EB2EB6FB689A} = {9A01801E-49FB-4899-810B-DB8916284114}
		{8BBB7274-D056-4B72-B9C2-C04122113B6F} = {D520DB45-204F-4BBD-A2BC-D847E31A7601}
		{1C16D1FE-96E4-4F37-B462-995FAFAA2B9D} = {9A01801E-49FB-4899-810B-DB8916284114}
		{EC900570-2E1D-44FF-94A0-630AADB30CDE} = {D520DB45-204F-4BBD-A2BC-D847E31A7601}
		{7D73BE3E-411F-48CC-9F1E-F6C0DC3094D9} = {D520DB45-204F-4BBD-A2BC-D847E31A7601}
		{47EF0025-D6A9-4AA8-9FAE-E99ED47D5F85} = {9A01801E-49FB-4899-810B-DB8916284114}
		{5BE4E505-6F53-4495-8633-5C7F70D35282} = {D520DB45-204F-4BBD-A2BC-D847E31A7601}
		{6E5A710D-D31A-4A3E-BB3B-E4212921261A} = {9A01801E-49FB-4899-810B-DB8916284114}
		{F8FEFCA4-B843-4CBC-BEF4-D182E259B3AD} = {9A01801E-49FB-4899-810B-DB8916284114}
		{6620E4BB-47BD-419C-BC6B-F877EEA41B55} = {9A01801E-49FB-4899-810B-DB8916284114}
		{203D17B0-F97C-4C9B-B406-CAE30DAD3241} = {9A01801E-49FB-4899-810B-DB8916284114}
	EndGlobalSection
	GlobalSection(ExtensibilityGlobals) = postSolution
		SolutionGuid = {DA4CADF5-D4EC-46AC-B797-C7DB6827D687}
	EndGlobalSection
	GlobalSection(Performance) = preSolution
		HasPerformanceSessions = true
	EndGlobalSection
	GlobalSection(Performance) = preSolution
		HasPerformanceSessions = true
	EndGlobalSection
	GlobalSection(Performance) = preSolution
		HasPerformanceSessions = true
	EndGlobalSection
	GlobalSection(Performance) = preSolution
		HasPerformanceSessions = true
	EndGlobalSection
	GlobalSection(Performance) = preSolution
		HasPerformanceSessions = true
	EndGlobalSection
EndGlobal
