
Microsoft Visual Studio Solution File, Format Version 12.00
# Visual Studio Version 16
VisualStudioVersion = 16.0.30002.166
MinimumVisualStudioVersion = 10.0.40219.1
Project("{FAE04EC0-301F-11D3-BF4B-00C04F79EFBC}") = "CdkMx", "CdkMx.csproj", "{203D17B0-F97C-4C9B-B406-CAE30DAD3241}"
EndProject
Project("{FAE04EC0-301F-11D3-BF4B-00C04F79EFBC}") = "NCDK Example", "..\..\..\NCDK Example\NCDK Example.csproj", "{9D214D13-1A07-4C14-80B1-ABF6A8E8EC54}"
EndProject
Global
	GlobalSection(SolutionConfigurationPlatforms) = preSolution
		Debug|Any CPU = Debug|Any CPU
		Debug|x86 = Debug|x86
		Release|Any CPU = Release|Any CPU
		Release|x86 = Release|x86
	EndGlobalSection
	GlobalSection(ProjectConfigurationPlatforms) = postSolution
		{203D17B0-F97C-4C9B-B406-CAE30DAD3241}.Debug|Any CPU.ActiveCfg = Debug|Any CPU
		{203D17B0-F97C-4C9B-B406-CAE30DAD3241}.Debug|Any CPU.Build.0 = Debug|Any CPU
		{203D17B0-F97C-4C9B-B406-CAE30DAD3241}.Debug|x86.ActiveCfg = Debug|x86
		{203D17B0-F97C-4C9B-B406-CAE30DAD3241}.Debug|x86.Build.0 = Debug|x86
		{203D17B0-F97C-4C9B-B406-CAE30DAD3241}.Release|Any CPU.ActiveCfg = Release|Any CPU
		{203D17B0-F97C-4C9B-B406-CAE30DAD3241}.Release|Any CPU.Build.0 = Release|Any CPU
		{203D17B0-F97C-4C9B-B406-CAE30DAD3241}.Release|x86.ActiveCfg = Release|x86
		{203D17B0-F97C-4C9B-B406-CAE30DAD3241}.Release|x86.Build.0 = Release|x86
		{9D214D13-1A07-4C14-80B1-ABF6A8E8EC54}.Debug|Any CPU.ActiveCfg = Debug|Any CPU
		{9D214D13-1A07-4C14-80B1-ABF6A8E8EC54}.Debug|Any CPU.Build.0 = Debug|Any CPU
		{9D214D13-1A07-4C14-80B1-ABF6A8E8EC54}.Debug|x86.ActiveCfg = Debug|Any CPU
		{9D214D13-1A07-4C14-80B1-ABF6A8E8EC54}.Debug|x86.Build.0 = Debug|Any CPU
		{9D214D13-1A07-4C14-80B1-ABF6A8E8EC54}.Release|Any CPU.ActiveCfg = Release|Any CPU
		{9D214D13-1A07-4C14-80B1-ABF6A8E8EC54}.Release|Any CPU.Build.0 = Release|Any CPU
		{9D214D13-1A07-4C14-80B1-ABF6A8E8EC54}.Release|x86.ActiveCfg = Release|Any CPU
		{9D214D13-1A07-4C14-80B1-ABF6A8E8EC54}.Release|x86.Build.0 = Release|Any CPU
	EndGlobalSection
	GlobalSection(SolutionProperties) = preSolution
		HideSolutionNode = FALSE
	EndGlobalSection
	GlobalSection(ExtensibilityGlobals) = postSolution
		SolutionGuid = {74B2E3F6-56A0-4C1B-86D6-C0D0A765438E}
	EndGlobalSection
EndGlobal
